// !$*UTF8*$!
{
	archiveVersion = 1;
	classes = {
	};
	objectVersion = 55;
	objects = {

/* Begin PBXBuildFile section */
		9F6281742805289300E40316 /* AppDelegate.swift in Sources */ = {isa = PBXBuildFile; fileRef = 9F6281732805289300E40316 /* AppDelegate.swift */; };
		9F6281762805289300E40316 /* SceneDelegate.swift in Sources */ = {isa = PBXBuildFile; fileRef = 9F6281752805289300E40316 /* SceneDelegate.swift */; };
		9F6281782805289300E40316 /* ViewController.swift in Sources */ = {isa = PBXBuildFile; fileRef = 9F6281772805289300E40316 /* ViewController.swift */; };
		9F62817B2805289300E40316 /* Main.storyboard in Resources */ = {isa = PBXBuildFile; fileRef = 9F6281792805289300E40316 /* Main.storyboard */; };
		9F62817D2805289700E40316 /* Assets.xcassets in Resources */ = {isa = PBXBuildFile; fileRef = 9F62817C2805289700E40316 /* Assets.xcassets */; };
		9F6281802805289700E40316 /* LaunchScreen.storyboard in Resources */ = {isa = PBXBuildFile; fileRef = 9F62817E2805289700E40316 /* LaunchScreen.storyboard */; };
		9F62818B2805289700E40316 /* NITETests.swift in Sources */ = {isa = PBXBuildFile; fileRef = 9F62818A2805289700E40316 /* NITETests.swift */; };
		9F6281952805289700E40316 /* NITEUITests.swift in Sources */ = {isa = PBXBuildFile; fileRef = 9F6281942805289700E40316 /* NITEUITests.swift */; };
		9F6281972805289700E40316 /* NITEUITestsLaunchTests.swift in Sources */ = {isa = PBXBuildFile; fileRef = 9F6281962805289700E40316 /* NITEUITestsLaunchTests.swift */; };
/* End PBXBuildFile section */

/* Begin PBXContainerItemProxy section */
		9F6281872805289700E40316 /* PBXContainerItemProxy */ = {
			isa = PBXContainerItemProxy;
			containerPortal = 9F6281682805289300E40316 /* Project object */;
			proxyType = 1;
			remoteGlobalIDString = 9F62816F2805289300E40316;
			remoteInfo = NITE;
		};
		9F6281912805289700E40316 /* PBXContainerItemProxy */ = {
			isa = PBXContainerItemProxy;
			containerPortal = 9F6281682805289300E40316 /* Project object */;
			proxyType = 1;
			remoteGlobalIDString = 9F62816F2805289300E40316;
			remoteInfo = NITE;
		};
/* End PBXContainerItemProxy section */

/* Begin PBXFileReference section */
		9F6281702805289300E40316 /* NITE.app */ = {isa = PBXFileReference; explicitFileType = wrapper.application; includeInIndex = 0; path = NITE.app; sourceTree = BUILT_PRODUCTS_DIR; };
		9F6281732805289300E40316 /* AppDelegate.swift */ = {isa = PBXFileReference; lastKnownFileType = sourcecode.swift; path = AppDelegate.swift; sourceTree = "<group>"; };
		9F6281752805289300E40316 /* SceneDelegate.swift */ = {isa = PBXFileReference; lastKnownFileType = sourcecode.swift; path = SceneDelegate.swift; sourceTree = "<group>"; };
		9F6281772805289300E40316 /* ViewController.swift */ = {isa = PBXFileReference; lastKnownFileType = sourcecode.swift; path = ViewController.swift; sourceTree = "<group>"; };
		9F62817A2805289300E40316 /* Base */ = {isa = PBXFileReference; lastKnownFileType = file.storyboard; name = Base; path = Base.lproj/Main.storyboard; sourceTree = "<group>"; };
		9F62817C2805289700E40316 /* Assets.xcassets */ = {isa = PBXFileReference; lastKnownFileType = folder.assetcatalog; path = Assets.xcassets; sourceTree = "<group>"; };
		9F62817F2805289700E40316 /* Base */ = {isa = PBXFileReference; lastKnownFileType = file.storyboard; name = Base; path = Base.lproj/LaunchScreen.storyboard; sourceTree = "<group>"; };
		9F6281812805289700E40316 /* Info.plist */ = {isa = PBXFileReference; lastKnownFileType = text.plist.xml; path = Info.plist; sourceTree = "<group>"; };
		9F6281862805289700E40316 /* NITETests.xctest */ = {isa = PBXFileReference; explicitFileType = wrapper.cfbundle; includeInIndex = 0; path = NITETests.xctest; sourceTree = BUILT_PRODUCTS_DIR; };
		9F62818A2805289700E40316 /* NITETests.swift */ = {isa = PBXFileReference; lastKnownFileType = sourcecode.swift; path = NITETests.swift; sourceTree = "<group>"; };
		9F6281902805289700E40316 /* NITEUITests.xctest */ = {isa = PBXFileReference; explicitFileType = wrapper.cfbundle; includeInIndex = 0; path = NITEUITests.xctest; sourceTree = BUILT_PRODUCTS_DIR; };
		9F6281942805289700E40316 /* NITEUITests.swift */ = {isa = PBXFileReference; lastKnownFileType = sourcecode.swift; path = NITEUITests.swift; sourceTree = "<group>"; };
		9F6281962805289700E40316 /* NITEUITestsLaunchTests.swift */ = {isa = PBXFileReference; lastKnownFileType = sourcecode.swift; path = NITEUITestsLaunchTests.swift; sourceTree = "<group>"; };
/* End PBXFileReference section */

/* Begin PBXFrameworksBuildPhase section */
		9F62816D2805289300E40316 /* Frameworks */ = {
			isa = PBXFrameworksBuildPhase;
			buildActionMask = 2147483647;
			files = (
			);
			runOnlyForDeploymentPostprocessing = 0;
		};
		9F6281832805289700E40316 /* Frameworks */ = {
			isa = PBXFrameworksBuildPhase;
			buildActionMask = 2147483647;
			files = (
			);
			runOnlyForDeploymentPostprocessing = 0;
		};
		9F62818D2805289700E40316 /* Frameworks */ = {
			isa = PBXFrameworksBuildPhase;
			buildActionMask = 2147483647;
			files = (
			);
			runOnlyForDeploymentPostprocessing = 0;
		};
/* End PBXFrameworksBuildPhase section */

/* Begin PBXGroup section */
		9F6281672805289300E40316 = {
			isa = PBXGroup;
			children = (
				9F6281722805289300E40316 /* NITE */,
				9F6281892805289700E40316 /* NITETests */,
				9F6281932805289700E40316 /* NITEUITests */,
				9F6281712805289300E40316 /* Products */,
			);
			sourceTree = "<group>";
		};
		9F6281712805289300E40316 /* Products */ = {
			isa = PBXGroup;
			children = (
				9F6281702805289300E40316 /* NITE.app */,
				9F6281862805289700E40316 /* NITETests.xctest */,
				9F6281902805289700E40316 /* NITEUITests.xctest */,
			);
			name = Products;
			sourceTree = "<group>";
		};
		9F6281722805289300E40316 /* NITE */ = {
			isa = PBXGroup;
			children = (
				9F6281732805289300E40316 /* AppDelegate.swift */,
				9F6281752805289300E40316 /* SceneDelegate.swift */,
				9F6281772805289300E40316 /* ViewController.swift */,
				9F6281792805289300E40316 /* Main.storyboard */,
				9F62817C2805289700E40316 /* Assets.xcassets */,
				9F62817E2805289700E40316 /* LaunchScreen.storyboard */,
				9F6281812805289700E40316 /* Info.plist */,
			);
			path = NITE;
			sourceTree = "<group>";
		};
		9F6281892805289700E40316 /* NITETests */ = {
			isa = PBXGroup;
			children = (
				9F62818A2805289700E40316 /* NITETests.swift */,
			);
			path = NITETests;
			sourceTree = "<group>";
		};
		9F6281932805289700E40316 /* NITEUITests */ = {
			isa = PBXGroup;
			children = (
				9F6281942805289700E40316 /* NITEUITests.swift */,
				9F6281962805289700E40316 /* NITEUITestsLaunchTests.swift */,
			);
			path = NITEUITests;
			sourceTree = "<group>";
		};
/* End PBXGroup section */

/* Begin PBXNativeTarget section */
		9F62816F2805289300E40316 /* NITE */ = {
			isa = PBXNativeTarget;
			buildConfigurationList = 9F62819A2805289700E40316 /* Build configuration list for PBXNativeTarget "NITE" */;
			buildPhases = (
				9F62816C2805289300E40316 /* Sources */,
				9F62816D2805289300E40316 /* Frameworks */,
				9F62816E2805289300E40316 /* Resources */,
			);
			buildRules = (
			);
			dependencies = (
			);
			name = NITE;
			productName = NITE;
			productReference = 9F6281702805289300E40316 /* NITE.app */;
			productType = "com.apple.product-type.application";
		};
		9F6281852805289700E40316 /* NITETests */ = {
			isa = PBXNativeTarget;
			buildConfigurationList = 9F62819D2805289700E40316 /* Build configuration list for PBXNativeTarget "NITETests" */;
			buildPhases = (
				9F6281822805289700E40316 /* Sources */,
				9F6281832805289700E40316 /* Frameworks */,
				9F6281842805289700E40316 /* Resources */,
			);
			buildRules = (
			);
			dependencies = (
				9F6281882805289700E40316 /* PBXTargetDependency */,
			);
			name = NITETests;
			productName = NITETests;
			productReference = 9F6281862805289700E40316 /* NITETests.xctest */;
			productType = "com.apple.product-type.bundle.unit-test";
		};
		9F62818F2805289700E40316 /* NITEUITests */ = {
			isa = PBXNativeTarget;
			buildConfigurationList = 9F6281A02805289700E40316 /* Build configuration list for PBXNativeTarget "NITEUITests" */;
			buildPhases = (
				9F62818C2805289700E40316 /* Sources */,
				9F62818D2805289700E40316 /* Frameworks */,
				9F62818E2805289700E40316 /* Resources */,
			);
			buildRules = (
			);
			dependencies = (
				9F6281922805289700E40316 /* PBXTargetDependency */,
			);
			name = NITEUITests;
			productName = NITEUITests;
			productReference = 9F6281902805289700E40316 /* NITEUITests.xctest */;
			productType = "com.apple.product-type.bundle.ui-testing";
		};
/* End PBXNativeTarget section */

/* Begin PBXProject section */
		9F6281682805289300E40316 /* Project object */ = {
			isa = PBXProject;
			attributes = {
				BuildIndependentTargetsInParallel = 1;
				LastSwiftUpdateCheck = 1310;
				LastUpgradeCheck = 1310;
				TargetAttributes = {
					9F62816F2805289300E40316 = {
						CreatedOnToolsVersion = 13.1;
					};
					9F6281852805289700E40316 = {
						CreatedOnToolsVersion = 13.1;
						TestTargetID = 9F62816F2805289300E40316;
					};
					9F62818F2805289700E40316 = {
						CreatedOnToolsVersion = 13.1;
						TestTargetID = 9F62816F2805289300E40316;
					};
				};
			};
			buildConfigurationList = 9F62816B2805289300E40316 /* Build configuration list for PBXProject "NITE" */;
			compatibilityVersion = "Xcode 13.0";
			developmentRegion = en;
			hasScannedForEncodings = 0;
			knownRegions = (
				en,
				Base,
			);
			mainGroup = 9F6281672805289300E40316;
			productRefGroup = 9F6281712805289300E40316 /* Products */;
			projectDirPath = "";
			projectRoot = "";
			targets = (
				9F62816F2805289300E40316 /* NITE */,
				9F6281852805289700E40316 /* NITETests */,
				9F62818F2805289700E40316 /* NITEUITests */,
			);
		};
/* End PBXProject section */

/* Begin PBXResourcesBuildPhase section */
		9F62816E2805289300E40316 /* Resources */ = {
			isa = PBXResourcesBuildPhase;
			buildActionMask = 2147483647;
			files = (
				9F6281802805289700E40316 /* LaunchScreen.storyboard in Resources */,
				9F62817D2805289700E40316 /* Assets.xcassets in Resources */,
				9F62817B2805289300E40316 /* Main.storyboard in Resources */,
			);
			runOnlyForDeploymentPostprocessing = 0;
		};
		9F6281842805289700E40316 /* Resources */ = {
			isa = PBXResourcesBuildPhase;
			buildActionMask = 2147483647;
			files = (
			);
			runOnlyForDeploymentPostprocessing = 0;
		};
		9F62818E2805289700E40316 /* Resources */ = {
			isa = PBXResourcesBuildPhase;
			buildActionMask = 2147483647;
			files = (
			);
			runOnlyForDeploymentPostprocessing = 0;
		};
/* End PBXResourcesBuildPhase section */

/* Begin PBXSourcesBuildPhase section */
		9F62816C2805289300E40316 /* Sources */ = {
			isa = PBXSourcesBuildPhase;
			buildActionMask = 2147483647;
			files = (
				9F6281782805289300E40316 /* ViewController.swift in Sources */,
				9F6281742805289300E40316 /* AppDelegate.swift in Sources */,
				9F6281762805289300E40316 /* SceneDelegate.swift in Sources */,
			);
			runOnlyForDeploymentPostprocessing = 0;
		};
		9F6281822805289700E40316 /* Sources */ = {
			isa = PBXSourcesBuildPhase;
			buildActionMask = 2147483647;
			files = (
				9F62818B2805289700E40316 /* NITETests.swift in Sources */,
			);
			runOnlyForDeploymentPostprocessing = 0;
		};
		9F62818C2805289700E40316 /* Sources */ = {
			isa = PBXSourcesBuildPhase;
			buildActionMask = 2147483647;
			files = (
				9F6281972805289700E40316 /* NITEUITestsLaunchTests.swift in Sources */,
				9F6281952805289700E40316 /* NITEUITests.swift in Sources */,
			);
			runOnlyForDeploymentPostprocessing = 0;
		};
/* End PBXSourcesBuildPhase section */

/* Begin PBXTargetDependency section */
		9F6281882805289700E40316 /* PBXTargetDependency */ = {
			isa = PBXTargetDependency;
			target = 9F62816F2805289300E40316 /* NITE */;
			targetProxy = 9F6281872805289700E40316 /* PBXContainerItemProxy */;
		};
		9F6281922805289700E40316 /* PBXTargetDependency */ = {
			isa = PBXTargetDependency;
			target = 9F62816F2805289300E40316 /* NITE */;
			targetProxy = 9F6281912805289700E40316 /* PBXContainerItemProxy */;
		};
/* End PBXTargetDependency section */

/* Begin PBXVariantGroup section */
		9F6281792805289300E40316 /* Main.storyboard */ = {
			isa = PBXVariantGroup;
			children = (
				9F62817A2805289300E40316 /* Base */,
			);
			name = Main.storyboard;
			sourceTree = "<group>";
		};
		9F62817E2805289700E40316 /* LaunchScreen.storyboard */ = {
			isa = PBXVariantGroup;
			children = (
				9F62817F2805289700E40316 /* Base */,
			);
			name = LaunchScreen.storyboard;
			sourceTree = "<group>";
		};
/* End PBXVariantGroup section */

/* Begin XCBuildConfiguration section */
		9F6281982805289700E40316 /* Debug */ = {
			isa = XCBuildConfiguration;
			buildSettings = {
				ALWAYS_SEARCH_USER_PATHS = NO;
				CLANG_ANALYZER_NONNULL = YES;
				CLANG_ANALYZER_NUMBER_OBJECT_CONVERSION = YES_AGGRESSIVE;
				CLANG_CXX_LANGUAGE_STANDARD = "gnu++17";
				CLANG_CXX_LIBRARY = "libc++";
				CLANG_ENABLE_MODULES = YES;
				CLANG_ENABLE_OBJC_ARC = YES;
				CLANG_ENABLE_OBJC_WEAK = YES;
				CLANG_WARN_BLOCK_CAPTURE_AUTORELEASING = YES;
				CLANG_WARN_BOOL_CONVERSION = YES;
				CLANG_WARN_COMMA = YES;
				CLANG_WARN_CONSTANT_CONVERSION = YES;
				CLANG_WARN_DEPRECATED_OBJC_IMPLEMENTATIONS = YES;
				CLANG_WARN_DIRECT_OBJC_ISA_USAGE = YES_ERROR;
				CLANG_WARN_DOCUMENTATION_COMMENTS = YES;
				CLANG_WARN_EMPTY_BODY = YES;
				CLANG_WARN_ENUM_CONVERSION = YES;
				CLANG_WARN_INFINITE_RECURSION = YES;
				CLANG_WARN_INT_CONVERSION = YES;
				CLANG_WARN_NON_LITERAL_NULL_CONVERSION = YES;
				CLANG_WARN_OBJC_IMPLICIT_RETAIN_SELF = YES;
				CLANG_WARN_OBJC_LITERAL_CONVERSION = YES;
				CLANG_WARN_OBJC_ROOT_CLASS = YES_ERROR;
				CLANG_WARN_QUOTED_INCLUDE_IN_FRAMEWORK_HEADER = YES;
				CLANG_WARN_RANGE_LOOP_ANALYSIS = YES;
				CLANG_WARN_STRICT_PROTOTYPES = YES;
				CLANG_WARN_SUSPICIOUS_MOVE = YES;
				CLANG_WARN_UNGUARDED_AVAILABILITY = YES_AGGRESSIVE;
				CLANG_WARN_UNREACHABLE_CODE = YES;
				CLANG_WARN__DUPLICATE_METHOD_MATCH = YES;
				COPY_PHASE_STRIP = NO;
				DEBUG_INFORMATION_FORMAT = dwarf;
				ENABLE_STRICT_OBJC_MSGSEND = YES;
				ENABLE_TESTABILITY = YES;
				GCC_C_LANGUAGE_STANDARD = gnu11;
				GCC_DYNAMIC_NO_PIC = NO;
				GCC_NO_COMMON_BLOCKS = YES;
				GCC_OPTIMIZATION_LEVEL = 0;
				GCC_PREPROCESSOR_DEFINITIONS = (
					"DEBUG=1",
					"$(inherited)",
				);
				GCC_WARN_64_TO_32_BIT_CONVERSION = YES;
				GCC_WARN_ABOUT_RETURN_TYPE = YES_ERROR;
				GCC_WARN_UNDECLARED_SELECTOR = YES;
				GCC_WARN_UNINITIALIZED_AUTOS = YES_AGGRESSIVE;
				GCC_WARN_UNUSED_FUNCTION = YES;
				GCC_WARN_UNUSED_VARIABLE = YES;
				IPHONEOS_DEPLOYMENT_TARGET = 15.0;
				MTL_ENABLE_DEBUG_INFO = INCLUDE_SOURCE;
				MTL_FAST_MATH = YES;
				ONLY_ACTIVE_ARCH = YES;
				SDKROOT = iphoneos;
				SWIFT_ACTIVE_COMPILATION_CONDITIONS = DEBUG;
				SWIFT_OPTIMIZATION_LEVEL = "-Onone";
			};
			name = Debug;
		};
		9F6281992805289700E40316 /* Release */ = {
			isa = XCBuildConfiguration;
			buildSettings = {
				ALWAYS_SEARCH_USER_PATHS = NO;
				CLANG_ANALYZER_NONNULL = YES;
				CLANG_ANALYZER_NUMBER_OBJECT_CONVERSION = YES_AGGRESSIVE;
				CLANG_CXX_LANGUAGE_STANDARD = "gnu++17";
				CLANG_CXX_LIBRARY = "libc++";
				CLANG_ENABLE_MODULES = YES;
				CLANG_ENABLE_OBJC_ARC = YES;
				CLANG_ENABLE_OBJC_WEAK = YES;
				CLANG_WARN_BLOCK_CAPTURE_AUTORELEASING = YES;
				CLANG_WARN_BOOL_CONVERSION = YES;
				CLANG_WARN_COMMA = YES;
				CLANG_WARN_CONSTANT_CONVERSION = YES;
				CLANG_WARN_DEPRECATED_OBJC_IMPLEMENTATIONS = YES;
				CLANG_WARN_DIRECT_OBJC_ISA_USAGE = YES_ERROR;
				CLANG_WARN_DOCUMENTATION_COMMENTS = YES;
				CLANG_WARN_EMPTY_BODY = YES;
				CLANG_WARN_ENUM_CONVERSION = YES;
				CLANG_WARN_INFINITE_RECURSION = YES;
				CLANG_WARN_INT_CONVERSION = YES;
				CLANG_WARN_NON_LITERAL_NULL_CONVERSION = YES;
				CLANG_WARN_OBJC_IMPLICIT_RETAIN_SELF = YES;
				CLANG_WARN_OBJC_LITERAL_CONVERSION = YES;
				CLANG_WARN_OBJC_ROOT_CLASS = YES_ERROR;
				CLANG_WARN_QUOTED_INCLUDE_IN_FRAMEWORK_HEADER = YES;
				CLANG_WARN_RANGE_LOOP_ANALYSIS = YES;
				CLANG_WARN_STRICT_PROTOTYPES = YES;
				CLANG_WARN_SUSPICIOUS_MOVE = YES;
				CLANG_WARN_UNGUARDED_AVAILABILITY = YES_AGGRESSIVE;
				CLANG_WARN_UNREACHABLE_CODE = YES;
				CLANG_WARN__DUPLICATE_METHOD_MATCH = YES;
				COPY_PHASE_STRIP = NO;
				DEBUG_INFORMATION_FORMAT = "dwarf-with-dsym";
				ENABLE_NS_ASSERTIONS = NO;
				ENABLE_STRICT_OBJC_MSGSEND = YES;
				GCC_C_LANGUAGE_STANDARD = gnu11;
				GCC_NO_COMMON_BLOCKS = YES;
				GCC_WARN_64_TO_32_BIT_CONVERSION = YES;
				GCC_WARN_ABOUT_RETURN_TYPE = YES_ERROR;
				GCC_WARN_UNDECLARED_SELECTOR = YES;
				GCC_WARN_UNINITIALIZED_AUTOS = YES_AGGRESSIVE;
				GCC_WARN_UNUSED_FUNCTION = YES;
				GCC_WARN_UNUSED_VARIABLE = YES;
				IPHONEOS_DEPLOYMENT_TARGET = 15.0;
				MTL_ENABLE_DEBUG_INFO = NO;
				MTL_FAST_MATH = YES;
				SDKROOT = iphoneos;
				SWIFT_COMPILATION_MODE = wholemodule;
				SWIFT_OPTIMIZATION_LEVEL = "-O";
				VALIDATE_PRODUCT = YES;
			};
			name = Release;
		};
		9F62819B2805289700E40316 /* Debug */ = {
			isa = XCBuildConfiguration;
			buildSettings = {
				ASSETCATALOG_COMPILER_APPICON_NAME = AppIcon;
				ASSETCATALOG_COMPILER_GLOBAL_ACCENT_COLOR_NAME = AccentColor;
				CODE_SIGN_STYLE = Automatic;
				CURRENT_PROJECT_VERSION = 1;
				DEVELOPMENT_TEAM = 96986V4ZUB;
				GENERATE_INFOPLIST_FILE = YES;
				INFOPLIST_FILE = NITE/Info.plist;
				INFOPLIST_KEY_UIApplicationSupportsIndirectInputEvents = YES;
				INFOPLIST_KEY_UILaunchStoryboardName = LaunchScreen;
				INFOPLIST_KEY_UIMainStoryboardFile = Main;
				INFOPLIST_KEY_UISupportedInterfaceOrientations_iPad = "UIInterfaceOrientationPortrait UIInterfaceOrientationPortraitUpsideDown UIInterfaceOrientationLandscapeLeft UIInterfaceOrientationLandscapeRight";
				INFOPLIST_KEY_UISupportedInterfaceOrientations_iPhone = "UIInterfaceOrientationPortrait UIInterfaceOrientationLandscapeLeft UIInterfaceOrientationLandscapeRight";
				LD_RUNPATH_SEARCH_PATHS = (
					"$(inherited)",
					"@executable_path/Frameworks",
				);
				MARKETING_VERSION = 1.0;
				PRODUCT_BUNDLE_IDENTIFIER = com.charlie.NITE;
				PRODUCT_NAME = "$(TARGET_NAME)";
				SWIFT_EMIT_LOC_STRINGS = YES;
				SWIFT_VERSION = 5.0;
				TARGETED_DEVICE_FAMILY = "1,2";
			};
			name = Debug;
		};
		9F62819C2805289700E40316 /* Release */ = {
			isa = XCBuildConfiguration;
			buildSettings = {
				ASSETCATALOG_COMPILER_APPICON_NAME = AppIcon;
				ASSETCATALOG_COMPILER_GLOBAL_ACCENT_COLOR_NAME = AccentColor;
				CODE_SIGN_STYLE = Automatic;
				CURRENT_PROJECT_VERSION = 1;
				DEVELOPMENT_TEAM = 96986V4ZUB;
				GENERATE_INFOPLIST_FILE = YES;
				INFOPLIST_FILE = NITE/Info.plist;
				INFOPLIST_KEY_UIApplicationSupportsIndirectInputEvents = YES;
				INFOPLIST_KEY_UILaunchStoryboardName = LaunchScreen;
				INFOPLIST_KEY_UIMainStoryboardFile = Main;
				INFOPLIST_KEY_UISupportedInterfaceOrientations_iPad = "UIInterfaceOrientationPortrait UIInterfaceOrientationPortraitUpsideDown UIInterfaceOrientationLandscapeLeft UIInterfaceOrientationLandscapeRight";
				INFOPLIST_KEY_UISupportedInterfaceOrientations_iPhone = "UIInterfaceOrientationPortrait UIInterfaceOrientationLandscapeLeft UIInterfaceOrientationLandscapeRight";
				LD_RUNPATH_SEARCH_PATHS = (
					"$(inherited)",
					"@executable_path/Frameworks",
				);
				MARKETING_VERSION = 1.0;
				PRODUCT_BUNDLE_IDENTIFIER = com.charlie.NITE;
				PRODUCT_NAME = "$(TARGET_NAME)";
				SWIFT_EMIT_LOC_STRINGS = YES;
				SWIFT_VERSION = 5.0;
				TARGETED_DEVICE_FAMILY = "1,2";
			};
			name = Release;
		};
		9F62819E2805289700E40316 /* Debug */ = {
			isa = XCBuildConfiguration;
			buildSettings = {
				ALWAYS_EMBED_SWIFT_STANDARD_LIBRARIES = YES;
				BUNDLE_LOADER = "$(TEST_HOST)";
				CODE_SIGN_STYLE = Automatic;
				CURRENT_PROJECT_VERSION = 1;
				DEVELOPMENT_TEAM = 96986V4ZUB;
				GENERATE_INFOPLIST_FILE = YES;
				IPHONEOS_DEPLOYMENT_TARGET = 15.0;
				LD_RUNPATH_SEARCH_PATHS = (
					"$(inherited)",
					"@executable_path/Frameworks",
					"@loader_path/Frameworks",
				);
				MARKETING_VERSION = 1.0;
				PRODUCT_BUNDLE_IDENTIFIER = com.charlie.NITETests;
				PRODUCT_NAME = "$(TARGET_NAME)";
				SWIFT_EMIT_LOC_STRINGS = NO;
				SWIFT_VERSION = 5.0;
				TARGETED_DEVICE_FAMILY = "1,2";
				TEST_HOST = "$(BUILT_PRODUCTS_DIR)/NITE.app/NITE";
			};
			name = Debug;
		};
		9F62819F2805289700E40316 /* Release */ = {
			isa = XCBuildConfiguration;
			buildSettings = {
				ALWAYS_EMBED_SWIFT_STANDARD_LIBRARIES = YES;
				BUNDLE_LOADER = "$(TEST_HOST)";
				CODE_SIGN_STYLE = Automatic;
				CURRENT_PROJECT_VERSION = 1;
				DEVELOPMENT_TEAM = 96986V4ZUB;
				GENERATE_INFOPLIST_FILE = YES;
				IPHONEOS_DEPLOYMENT_TARGET = 15.0;
				LD_RUNPATH_SEARCH_PATHS = (
					"$(inherited)",
					"@executable_path/Frameworks",
					"@loader_path/Frameworks",
				);
				MARKETING_VERSION = 1.0;
				PRODUCT_BUNDLE_IDENTIFIER = com.charlie.NITETests;
				PRODUCT_NAME = "$(TARGET_NAME)";
				SWIFT_EMIT_LOC_STRINGS = NO;
				SWIFT_VERSION = 5.0;
				TARGETED_DEVICE_FAMILY = "1,2";
				TEST_HOST = "$(BUILT_PRODUCTS_DIR)/NITE.app/NITE";
			};
			name = Release;
		};
		9F6281A12805289700E40316 /* Debug */ = {
			isa = XCBuildConfiguration;
			buildSettings = {
				ALWAYS_EMBED_SWIFT_STANDARD_LIBRARIES = YES;
				CODE_SIGN_STYLE = Automatic;
				CURRENT_PROJECT_VERSION = 1;
				DEVELOPMENT_TEAM = 96986V4ZUB;
				GENERATE_INFOPLIST_FILE = YES;
				LD_RUNPATH_SEARCH_PATHS = (
					"$(inherited)",
					"@executable_path/Frameworks",
					"@loader_path/Frameworks",
				);
				MARKETING_VERSION = 1.0;
				PRODUCT_BUNDLE_IDENTIFIER = com.charlie.NITEUITests;
				PRODUCT_NAME = "$(TARGET_NAME)";
				SWIFT_EMIT_LOC_STRINGS = NO;
				SWIFT_VERSION = 5.0;
				TARGETED_DEVICE_FAMILY = "1,2";
				TEST_TARGET_NAME = NITE;
			};
			name = Debug;
		};
		9F6281A22805289700E40316 /* Release */ = {
			isa = XCBuildConfiguration;
			buildSettings = {
				ALWAYS_EMBED_SWIFT_STANDARD_LIBRARIES = YES;
				CODE_SIGN_STYLE = Automatic;
				CURRENT_PROJECT_VERSION = 1;
				DEVELOPMENT_TEAM = 96986V4ZUB;
				GENERATE_INFOPLIST_FILE = YES;
				LD_RUNPATH_SEARCH_PATHS = (
					"$(inherited)",
					"@executable_path/Frameworks",
					"@loader_path/Frameworks",
				);
				MARKETING_VERSION = 1.0;
				PRODUCT_BUNDLE_IDENTIFIER = com.charlie.NITEUITests;
				PRODUCT_NAME = "$(TARGET_NAME)";
				SWIFT_EMIT_LOC_STRINGS = NO;
				SWIFT_VERSION = 5.0;
				TARGETED_DEVICE_FAMILY = "1,2";
				TEST_TARGET_NAME = NITE;
			};
			name = Release;
		};
/* End XCBuildConfiguration section */

/* Begin XCConfigurationList section */
		9F62816B2805289300E40316 /* Build configuration list for PBXProject "NITE" */ = {
			isa = XCConfigurationList;
			buildConfigurations = (
				9F6281982805289700E40316 /* Debug */,
				9F6281992805289700E40316 /* Release */,
			);
			defaultConfigurationIsVisible = 0;
			defaultConfigurationName = Release;
		};
		9F62819A2805289700E40316 /* Build configuration list for PBXNativeTarget "NITE" */ = {
			isa = XCConfigurationList;
			buildConfigurations = (
				9F62819B2805289700E40316 /* Debug */,
				9F62819C2805289700E40316 /* Release */,
			);
			defaultConfigurationIsVisible = 0;
			defaultConfigurationName = Release;
		};
		9F62819D2805289700E40316 /* Build configuration list for PBXNativeTarget "NITETests" */ = {
			isa = XCConfigurationList;
			buildConfigurations = (
				9F62819E2805289700E40316 /* Debug */,
				9F62819F2805289700E40316 /* Release */,
			);
			defaultConfigurationIsVisible = 0;
			defaultConfigurationName = Release;
		};
		9F6281A02805289700E40316 /* Build configuration list for PBXNativeTarget "NITEUITests" */ = {
			isa = XCConfigurationList;
			buildConfigurations = (
				9F6281A12805289700E40316 /* Debug */,
				9F6281A22805289700E40316 /* Release */,
			);
			defaultConfigurationIsVisible = 0;
			defaultConfigurationName = Release;
		};
/* End XCConfigurationList section */
	};
	rootObject = 9F6281682805289300E40316 /* Project object */;
}
