// !$*UTF8*$!
{
	archiveVersion = 1;
	classes = {
	};
	objectVersion = 55;
	objects = {

/* Begin PBXBuildFile section */
		51F50EEC5A95F7A1463387AC /* Pods_NITE_NITEUITests.framework in Frameworks */ = {isa = PBXBuildFile; fileRef = 0242922DBE2EF57862C70043 /* Pods_NITE_NITEUITests.framework */; };
		8B782F7C2950AD86EC95822D /* Pods_NITE.framework in Frameworks */ = {isa = PBXBuildFile; fileRef = F1C2F7C6FC0085A64E2EB4CA /* Pods_NITE.framework */; };
		9F3AC432280B944A001FEDFB /* FirebaseServices.swift in Sources */ = {isa = PBXBuildFile; fileRef = 9F3AC431280B944A001FEDFB /* FirebaseServices.swift */; };
		9F3AC434280B987E001FEDFB /* ErrorStatus.swift in Sources */ = {isa = PBXBuildFile; fileRef = 9F3AC433280B987E001FEDFB /* ErrorStatus.swift */; };
		9F4B49C52839164D0059195A /* ChannelListVC.swift in Sources */ = {isa = PBXBuildFile; fileRef = 9F4B49C42839164D0059195A /* ChannelListVC.swift */; };
		9F4B49C728393F3C0059195A /* UserProfileViewController.swift in Sources */ = {isa = PBXBuildFile; fileRef = 9F4B49C628393F3C0059195A /* UserProfileViewController.swift */; };
		9F54C2F62842F1EC00176A2F /* StoreKit.framework in Frameworks */ = {isa = PBXBuildFile; fileRef = 9F54C2F52842F1EC00176A2F /* StoreKit.framework */; };
		9F54C2F82842F28E00176A2F /* InAppPurchasesViewController.swift in Sources */ = {isa = PBXBuildFile; fileRef = 9F54C2F72842F28E00176A2F /* InAppPurchasesViewController.swift */; };
		9F6281742805289300E40316 /* AppDelegate.swift in Sources */ = {isa = PBXBuildFile; fileRef = 9F6281732805289300E40316 /* AppDelegate.swift */; };
		9F6281782805289300E40316 /* MainViewController.swift in Sources */ = {isa = PBXBuildFile; fileRef = 9F6281772805289300E40316 /* MainViewController.swift */; };
		9F62817B2805289300E40316 /* Main.storyboard in Resources */ = {isa = PBXBuildFile; fileRef = 9F6281792805289300E40316 /* Main.storyboard */; };
		9F62817D2805289700E40316 /* Assets.xcassets in Resources */ = {isa = PBXBuildFile; fileRef = 9F62817C2805289700E40316 /* Assets.xcassets */; };
		9F6281802805289700E40316 /* LaunchScreen.storyboard in Resources */ = {isa = PBXBuildFile; fileRef = 9F62817E2805289700E40316 /* LaunchScreen.storyboard */; };
		9F62818B2805289700E40316 /* NITETests.swift in Sources */ = {isa = PBXBuildFile; fileRef = 9F62818A2805289700E40316 /* NITETests.swift */; };
		9F6281952805289700E40316 /* NITEUITests.swift in Sources */ = {isa = PBXBuildFile; fileRef = 9F6281942805289700E40316 /* NITEUITests.swift */; };
		9F6281972805289700E40316 /* NITEUITestsLaunchTests.swift in Sources */ = {isa = PBXBuildFile; fileRef = 9F6281962805289700E40316 /* NITEUITestsLaunchTests.swift */; };
		9F6281A9280533B700E40316 /* Utils.swift in Sources */ = {isa = PBXBuildFile; fileRef = 9F6281A8280533B700E40316 /* Utils.swift */; };
		9F6281AB2805340300E40316 /* UIViewController+EXT.swift in Sources */ = {isa = PBXBuildFile; fileRef = 9F6281AA2805340200E40316 /* UIViewController+EXT.swift */; };
		9F6281AD280534BB00E40316 /* Auth.storyboard in Resources */ = {isa = PBXBuildFile; fileRef = 9F6281AC280534BB00E40316 /* Auth.storyboard */; };
		9F6281B3280535E900E40316 /* GoogleService-Info.plist in Resources */ = {isa = PBXBuildFile; fileRef = 9F6281B2280535E900E40316 /* GoogleService-Info.plist */; };
		9F6281B628053E6F00E40316 /* CardViewServices.swift in Sources */ = {isa = PBXBuildFile; fileRef = 9F6281B528053E6F00E40316 /* CardViewServices.swift */; };
		9F7A49772860CFA0008AE250 /* AuthSplashScreenViewController.swift in Sources */ = {isa = PBXBuildFile; fileRef = 9F6281B02805350900E40316 /* AuthSplashScreenViewController.swift */; };
		9F840FB32854F58200005C00 /* AddSnapchatTableViewCell.swift in Sources */ = {isa = PBXBuildFile; fileRef = 9F840FB12854F58200005C00 /* AddSnapchatTableViewCell.swift */; };
		9F840FB42854F58200005C00 /* AddSnapchatTableViewCell.xib in Resources */ = {isa = PBXBuildFile; fileRef = 9F840FB22854F58200005C00 /* AddSnapchatTableViewCell.xib */; };
		9F84228A282C221600A8D454 /* SignInViewController.swift in Sources */ = {isa = PBXBuildFile; fileRef = 9F842289282C221600A8D454 /* SignInViewController.swift */; };
		9F84228C282D6FBD00A8D454 /* MatchNotifViewController.swift in Sources */ = {isa = PBXBuildFile; fileRef = 9F84228B282D6FBD00A8D454 /* MatchNotifViewController.swift */; };
		9F842295282DEEC700A8D454 /* SBUChannelListViewController+EXT.swift in Sources */ = {isa = PBXBuildFile; fileRef = 9F842294282DEEC700A8D454 /* SBUChannelListViewController+EXT.swift */; };
		9F842299282E0CFF00A8D454 /* SBUChannelViewController+EXT.swift in Sources */ = {isa = PBXBuildFile; fileRef = 9F842298282E0CFF00A8D454 /* SBUChannelViewController+EXT.swift */; };
		9F84229B282EA45300A8D454 /* CustomeUserMessageCell.swift in Sources */ = {isa = PBXBuildFile; fileRef = 9F84229A282EA45300A8D454 /* CustomeUserMessageCell.swift */; };
		9F86D798280BB0E60092E98B /* SignUpViewController.swift in Sources */ = {isa = PBXBuildFile; fileRef = 9F86D797280BB0E60092E98B /* SignUpViewController.swift */; };
		9F86D79B280BB9040092E98B /* FieldEntryTableViewCell.swift in Sources */ = {isa = PBXBuildFile; fileRef = 9F86D799280BB9020092E98B /* FieldEntryTableViewCell.swift */; };
		9F86D79C280BB9040092E98B /* FieldEntryTableViewCell.xib in Resources */ = {isa = PBXBuildFile; fileRef = 9F86D79A280BB9040092E98B /* FieldEntryTableViewCell.xib */; };
		9F86D79F280BC22C0092E98B /* SingleButtonFooterView.swift in Sources */ = {isa = PBXBuildFile; fileRef = 9F86D79D280BC22A0092E98B /* SingleButtonFooterView.swift */; };
		9F86D7A0280BC22C0092E98B /* singleButtonFooterView.xib in Resources */ = {isa = PBXBuildFile; fileRef = 9F86D79E280BC22B0092E98B /* singleButtonFooterView.xib */; };
		9F86D7A2280BD5170092E98B /* ProfileUpdateViewController.swift in Sources */ = {isa = PBXBuildFile; fileRef = 9F86D7A1280BD5170092E98B /* ProfileUpdateViewController.swift */; };
		9F86D7A6280BE4210092E98B /* AddImagesTableViewCell.swift in Sources */ = {isa = PBXBuildFile; fileRef = 9F86D7A4280BE41F0092E98B /* AddImagesTableViewCell.swift */; };
		9F86D7A7280BE4210092E98B /* addImagesTableViewCell.xib in Resources */ = {isa = PBXBuildFile; fileRef = 9F86D7A5280BE4210092E98B /* addImagesTableViewCell.xib */; };
		9F86D7AA280BE5B20092E98B /* imageCollectionViewCell.xib in Resources */ = {isa = PBXBuildFile; fileRef = 9F86D7A8280BE5B10092E98B /* imageCollectionViewCell.xib */; };
		9F86D7AB280BE5B20092E98B /* ImageCollectionViewCell.swift in Sources */ = {isa = PBXBuildFile; fileRef = 9F86D7A9280BE5B20092E98B /* ImageCollectionViewCell.swift */; };
		9F86D7AD280BE9C10092E98B /* GenderPrefSelectionViewController.swift in Sources */ = {isa = PBXBuildFile; fileRef = 9F86D7AC280BE9C10092E98B /* GenderPrefSelectionViewController.swift */; };
		9F86D7B0280BE9DD0092E98B /* GenderIdentityViewController.swift in Sources */ = {isa = PBXBuildFile; fileRef = 9F86D7AF280BE9DD0092E98B /* GenderIdentityViewController.swift */; };
		9F86D7B2280BE9F00092E98B /* Utility.storyboard in Resources */ = {isa = PBXBuildFile; fileRef = 9F86D7B1280BE9F00092E98B /* Utility.storyboard */; };
		9F86D7B4280D3FE80092E98B /* AvatarServices.swift in Sources */ = {isa = PBXBuildFile; fileRef = 9F86D7B3280D3FE80092E98B /* AvatarServices.swift */; };
		9F98343828513C5F00A01D3F /* IAPservices.swift in Sources */ = {isa = PBXBuildFile; fileRef = 9F98343728513C5F00A01D3F /* IAPservices.swift */; };
		9F98343B28517AB400A01D3F /* couple_bench.json in Resources */ = {isa = PBXBuildFile; fileRef = 9F98343A28517AB400A01D3F /* couple_bench.json */; };
		9F98343D28522B8000A01D3F /* pinky_love.json in Resources */ = {isa = PBXBuildFile; fileRef = 9F98343C28522B8000A01D3F /* pinky_love.json */; };
		9FA47040283BBD14005968E5 /* UserDescriptionTableViewCell.swift in Sources */ = {isa = PBXBuildFile; fileRef = 9FA4703E283BBD13005968E5 /* UserDescriptionTableViewCell.swift */; };
		9FA47041283BBD14005968E5 /* UserDescriptionTableViewCell.xib in Resources */ = {isa = PBXBuildFile; fileRef = 9FA4703F283BBD13005968E5 /* UserDescriptionTableViewCell.xib */; };
		9FDFA1962832CC1700F519C7 /* SendbirdServices.swift in Sources */ = {isa = PBXBuildFile; fileRef = 9FDFA1952832CC1700F519C7 /* SendbirdServices.swift */; };
		9FE4D674280A588900C0E9D3 /* Models.swift in Sources */ = {isa = PBXBuildFile; fileRef = 9FE4D673280A588900C0E9D3 /* Models.swift */; };
		9FE4D676280B300A00C0E9D3 /* UIColor+EXT.swift in Sources */ = {isa = PBXBuildFile; fileRef = 9FE4D675280B300A00C0E9D3 /* UIColor+EXT.swift */; };
		9FE4D679280B326300C0E9D3 /* CardView.swift in Sources */ = {isa = PBXBuildFile; fileRef = 9FE4D678280B326300C0E9D3 /* CardView.swift */; };
		9FE4D67B280B32AD00C0E9D3 /* CardView.xib in Resources */ = {isa = PBXBuildFile; fileRef = 9FE4D67A280B32AD00C0E9D3 /* CardView.xib */; };
		9FF65DC02819CA9E00BDC586 /* SnapchatServices.swift in Sources */ = {isa = PBXBuildFile; fileRef = 9FF65DBF2819CA9E00BDC586 /* SnapchatServices.swift */; };
		9FF65DC22819FD9000BDC586 /* UIImage+EXT.swift in Sources */ = {isa = PBXBuildFile; fileRef = 9FF65DC12819FD9000BDC586 /* UIImage+EXT.swift */; };
		F827844F0A91F1D8D1586A6E /* Pods_NITETests.framework in Frameworks */ = {isa = PBXBuildFile; fileRef = 651C090BC88A15811A8F3DB9 /* Pods_NITETests.framework */; };
/* End PBXBuildFile section */

/* Begin PBXContainerItemProxy section */
		9F6281872805289700E40316 /* PBXContainerItemProxy */ = {
			isa = PBXContainerItemProxy;
			containerPortal = 9F6281682805289300E40316 /* Project object */;
			proxyType = 1;
			remoteGlobalIDString = 9F62816F2805289300E40316;
			remoteInfo = NITE;
		};
		9F6281912805289700E40316 /* PBXContainerItemProxy */ = {
			isa = PBXContainerItemProxy;
			containerPortal = 9F6281682805289300E40316 /* Project object */;
			proxyType = 1;
			remoteGlobalIDString = 9F62816F2805289300E40316;
			remoteInfo = NITE;
		};
/* End PBXContainerItemProxy section */

/* Begin PBXFileReference section */
		0242922DBE2EF57862C70043 /* Pods_NITE_NITEUITests.framework */ = {isa = PBXFileReference; explicitFileType = wrapper.framework; includeInIndex = 0; path = Pods_NITE_NITEUITests.framework; sourceTree = BUILT_PRODUCTS_DIR; };
		290013A903146FB32D368AA5 /* Pods-NITETests.debug.xcconfig */ = {isa = PBXFileReference; includeInIndex = 1; lastKnownFileType = text.xcconfig; name = "Pods-NITETests.debug.xcconfig"; path = "Target Support Files/Pods-NITETests/Pods-NITETests.debug.xcconfig"; sourceTree = "<group>"; };
		40E743056EE2CAF772DAD243 /* Pods-NITE-NITEUITests.release.xcconfig */ = {isa = PBXFileReference; includeInIndex = 1; lastKnownFileType = text.xcconfig; name = "Pods-NITE-NITEUITests.release.xcconfig"; path = "Target Support Files/Pods-NITE-NITEUITests/Pods-NITE-NITEUITests.release.xcconfig"; sourceTree = "<group>"; };
		4C95406FBFE9C173CEE6F521 /* Pods-NITE.release.xcconfig */ = {isa = PBXFileReference; includeInIndex = 1; lastKnownFileType = text.xcconfig; name = "Pods-NITE.release.xcconfig"; path = "Target Support Files/Pods-NITE/Pods-NITE.release.xcconfig"; sourceTree = "<group>"; };
		651C090BC88A15811A8F3DB9 /* Pods_NITETests.framework */ = {isa = PBXFileReference; explicitFileType = wrapper.framework; includeInIndex = 0; path = Pods_NITETests.framework; sourceTree = BUILT_PRODUCTS_DIR; };
		7609B1F87EA861FFBB6A63E1 /* Pods-NITE.debug.xcconfig */ = {isa = PBXFileReference; includeInIndex = 1; lastKnownFileType = text.xcconfig; name = "Pods-NITE.debug.xcconfig"; path = "Target Support Files/Pods-NITE/Pods-NITE.debug.xcconfig"; sourceTree = "<group>"; };
		82D91CB8D84B03A520B22B12 /* Pods-NITETests.release.xcconfig */ = {isa = PBXFileReference; includeInIndex = 1; lastKnownFileType = text.xcconfig; name = "Pods-NITETests.release.xcconfig"; path = "Target Support Files/Pods-NITETests/Pods-NITETests.release.xcconfig"; sourceTree = "<group>"; };
		9F3AC431280B944A001FEDFB /* FirebaseServices.swift */ = {isa = PBXFileReference; lastKnownFileType = sourcecode.swift; path = FirebaseServices.swift; sourceTree = "<group>"; };
		9F3AC433280B987E001FEDFB /* ErrorStatus.swift */ = {isa = PBXFileReference; lastKnownFileType = sourcecode.swift; path = ErrorStatus.swift; sourceTree = "<group>"; };
		9F4B49C42839164D0059195A /* ChannelListVC.swift */ = {isa = PBXFileReference; lastKnownFileType = sourcecode.swift; path = ChannelListVC.swift; sourceTree = "<group>"; };
		9F4B49C628393F3C0059195A /* UserProfileViewController.swift */ = {isa = PBXFileReference; lastKnownFileType = sourcecode.swift; path = UserProfileViewController.swift; sourceTree = "<group>"; };
		9F54C2F52842F1EC00176A2F /* StoreKit.framework */ = {isa = PBXFileReference; lastKnownFileType = wrapper.framework; name = StoreKit.framework; path = System/Library/Frameworks/StoreKit.framework; sourceTree = SDKROOT; };
		9F54C2F72842F28E00176A2F /* InAppPurchasesViewController.swift */ = {isa = PBXFileReference; lastKnownFileType = sourcecode.swift; path = InAppPurchasesViewController.swift; sourceTree = "<group>"; };
		9F6281702805289300E40316 /* NITE.app */ = {isa = PBXFileReference; explicitFileType = wrapper.application; includeInIndex = 0; path = NITE.app; sourceTree = BUILT_PRODUCTS_DIR; };
		9F6281732805289300E40316 /* AppDelegate.swift */ = {isa = PBXFileReference; lastKnownFileType = sourcecode.swift; path = AppDelegate.swift; sourceTree = "<group>"; };
		9F6281772805289300E40316 /* MainViewController.swift */ = {isa = PBXFileReference; lastKnownFileType = sourcecode.swift; path = MainViewController.swift; sourceTree = "<group>"; };
		9F62817A2805289300E40316 /* Base */ = {isa = PBXFileReference; lastKnownFileType = file.storyboard; name = Base; path = Base.lproj/Main.storyboard; sourceTree = "<group>"; };
		9F62817C2805289700E40316 /* Assets.xcassets */ = {isa = PBXFileReference; lastKnownFileType = folder.assetcatalog; path = Assets.xcassets; sourceTree = "<group>"; };
		9F62817F2805289700E40316 /* Base */ = {isa = PBXFileReference; lastKnownFileType = file.storyboard; name = Base; path = Base.lproj/LaunchScreen.storyboard; sourceTree = "<group>"; };
		9F6281862805289700E40316 /* NITETests.xctest */ = {isa = PBXFileReference; explicitFileType = wrapper.cfbundle; includeInIndex = 0; path = NITETests.xctest; sourceTree = BUILT_PRODUCTS_DIR; };
		9F62818A2805289700E40316 /* NITETests.swift */ = {isa = PBXFileReference; lastKnownFileType = sourcecode.swift; path = NITETests.swift; sourceTree = "<group>"; };
		9F6281902805289700E40316 /* NITEUITests.xctest */ = {isa = PBXFileReference; explicitFileType = wrapper.cfbundle; includeInIndex = 0; path = NITEUITests.xctest; sourceTree = BUILT_PRODUCTS_DIR; };
		9F6281942805289700E40316 /* NITEUITests.swift */ = {isa = PBXFileReference; lastKnownFileType = sourcecode.swift; path = NITEUITests.swift; sourceTree = "<group>"; };
		9F6281962805289700E40316 /* NITEUITestsLaunchTests.swift */ = {isa = PBXFileReference; lastKnownFileType = sourcecode.swift; path = NITEUITestsLaunchTests.swift; sourceTree = "<group>"; };
		9F6281A8280533B700E40316 /* Utils.swift */ = {isa = PBXFileReference; lastKnownFileType = sourcecode.swift; path = Utils.swift; sourceTree = "<group>"; };
		9F6281AA2805340200E40316 /* UIViewController+EXT.swift */ = {isa = PBXFileReference; lastKnownFileType = sourcecode.swift; path = "UIViewController+EXT.swift"; sourceTree = "<group>"; };
		9F6281AC280534BB00E40316 /* Auth.storyboard */ = {isa = PBXFileReference; lastKnownFileType = file.storyboard; path = Auth.storyboard; sourceTree = "<group>"; };
		9F6281B02805350900E40316 /* AuthSplashScreenViewController.swift */ = {isa = PBXFileReference; lastKnownFileType = sourcecode.swift; path = AuthSplashScreenViewController.swift; sourceTree = "<group>"; };
		9F6281B2280535E900E40316 /* GoogleService-Info.plist */ = {isa = PBXFileReference; fileEncoding = 4; lastKnownFileType = text.plist.xml; path = "GoogleService-Info.plist"; sourceTree = "<group>"; };
		9F6281B528053E6F00E40316 /* CardViewServices.swift */ = {isa = PBXFileReference; lastKnownFileType = sourcecode.swift; path = CardViewServices.swift; sourceTree = "<group>"; };
		9F840FB12854F58200005C00 /* AddSnapchatTableViewCell.swift */ = {isa = PBXFileReference; lastKnownFileType = sourcecode.swift; path = AddSnapchatTableViewCell.swift; sourceTree = "<group>"; };
		9F840FB22854F58200005C00 /* AddSnapchatTableViewCell.xib */ = {isa = PBXFileReference; lastKnownFileType = file.xib; path = AddSnapchatTableViewCell.xib; sourceTree = "<group>"; };
		9F842289282C221600A8D454 /* SignInViewController.swift */ = {isa = PBXFileReference; lastKnownFileType = sourcecode.swift; path = SignInViewController.swift; sourceTree = "<group>"; };
		9F84228B282D6FBD00A8D454 /* MatchNotifViewController.swift */ = {isa = PBXFileReference; lastKnownFileType = sourcecode.swift; path = MatchNotifViewController.swift; sourceTree = "<group>"; };
		9F842294282DEEC700A8D454 /* SBUChannelListViewController+EXT.swift */ = {isa = PBXFileReference; lastKnownFileType = sourcecode.swift; path = "SBUChannelListViewController+EXT.swift"; sourceTree = "<group>"; };
		9F842298282E0CFF00A8D454 /* SBUChannelViewController+EXT.swift */ = {isa = PBXFileReference; lastKnownFileType = sourcecode.swift; path = "SBUChannelViewController+EXT.swift"; sourceTree = "<group>"; };
		9F84229A282EA45300A8D454 /* CustomeUserMessageCell.swift */ = {isa = PBXFileReference; lastKnownFileType = sourcecode.swift; path = CustomeUserMessageCell.swift; sourceTree = "<group>"; };
		9F86D797280BB0E60092E98B /* SignUpViewController.swift */ = {isa = PBXFileReference; lastKnownFileType = sourcecode.swift; path = SignUpViewController.swift; sourceTree = "<group>"; };
		9F86D799280BB9020092E98B /* FieldEntryTableViewCell.swift */ = {isa = PBXFileReference; fileEncoding = 4; lastKnownFileType = sourcecode.swift; path = FieldEntryTableViewCell.swift; sourceTree = "<group>"; };
		9F86D79A280BB9040092E98B /* FieldEntryTableViewCell.xib */ = {isa = PBXFileReference; fileEncoding = 4; lastKnownFileType = file.xib; path = FieldEntryTableViewCell.xib; sourceTree = "<group>"; };
		9F86D79D280BC22A0092E98B /* SingleButtonFooterView.swift */ = {isa = PBXFileReference; fileEncoding = 4; lastKnownFileType = sourcecode.swift; path = SingleButtonFooterView.swift; sourceTree = "<group>"; };
		9F86D79E280BC22B0092E98B /* singleButtonFooterView.xib */ = {isa = PBXFileReference; fileEncoding = 4; lastKnownFileType = file.xib; path = singleButtonFooterView.xib; sourceTree = "<group>"; };
		9F86D7A1280BD5170092E98B /* ProfileUpdateViewController.swift */ = {isa = PBXFileReference; lastKnownFileType = sourcecode.swift; path = ProfileUpdateViewController.swift; sourceTree = "<group>"; };
		9F86D7A4280BE41F0092E98B /* AddImagesTableViewCell.swift */ = {isa = PBXFileReference; fileEncoding = 4; lastKnownFileType = sourcecode.swift; path = AddImagesTableViewCell.swift; sourceTree = "<group>"; };
		9F86D7A5280BE4210092E98B /* addImagesTableViewCell.xib */ = {isa = PBXFileReference; fileEncoding = 4; lastKnownFileType = file.xib; path = addImagesTableViewCell.xib; sourceTree = "<group>"; };
		9F86D7A8280BE5B10092E98B /* imageCollectionViewCell.xib */ = {isa = PBXFileReference; fileEncoding = 4; lastKnownFileType = file.xib; path = imageCollectionViewCell.xib; sourceTree = "<group>"; };
		9F86D7A9280BE5B20092E98B /* ImageCollectionViewCell.swift */ = {isa = PBXFileReference; fileEncoding = 4; lastKnownFileType = sourcecode.swift; path = ImageCollectionViewCell.swift; sourceTree = "<group>"; };
		9F86D7AC280BE9C10092E98B /* GenderPrefSelectionViewController.swift */ = {isa = PBXFileReference; lastKnownFileType = sourcecode.swift; name = GenderPrefSelectionViewController.swift; path = ../GenderPrefSelectionViewController.swift; sourceTree = "<group>"; };
		9F86D7AF280BE9DD0092E98B /* GenderIdentityViewController.swift */ = {isa = PBXFileReference; lastKnownFileType = sourcecode.swift; path = GenderIdentityViewController.swift; sourceTree = "<group>"; };
		9F86D7B1280BE9F00092E98B /* Utility.storyboard */ = {isa = PBXFileReference; lastKnownFileType = file.storyboard; path = Utility.storyboard; sourceTree = "<group>"; };
		9F86D7B3280D3FE80092E98B /* AvatarServices.swift */ = {isa = PBXFileReference; lastKnownFileType = sourcecode.swift; path = AvatarServices.swift; sourceTree = "<group>"; };
		9F98343728513C5F00A01D3F /* IAPservices.swift */ = {isa = PBXFileReference; lastKnownFileType = sourcecode.swift; path = IAPservices.swift; sourceTree = "<group>"; };
		9F98343A28517AB400A01D3F /* couple_bench.json */ = {isa = PBXFileReference; fileEncoding = 4; lastKnownFileType = text.json; name = couple_bench.json; path = ../../../../Downloads/couple_bench.json; sourceTree = "<group>"; };
		9F98343C28522B8000A01D3F /* pinky_love.json */ = {isa = PBXFileReference; fileEncoding = 4; lastKnownFileType = text.json; name = pinky_love.json; path = ../../../../Downloads/pinky_love.json; sourceTree = "<group>"; };
		9FA4703E283BBD13005968E5 /* UserDescriptionTableViewCell.swift */ = {isa = PBXFileReference; lastKnownFileType = sourcecode.swift; path = UserDescriptionTableViewCell.swift; sourceTree = "<group>"; };
		9FA4703F283BBD13005968E5 /* UserDescriptionTableViewCell.xib */ = {isa = PBXFileReference; lastKnownFileType = file.xib; path = UserDescriptionTableViewCell.xib; sourceTree = "<group>"; };
		9FA4F1C3285FFE6B0086D3D0 /* Info.plist */ = {isa = PBXFileReference; lastKnownFileType = text.plist.xml; path = Info.plist; sourceTree = "<group>"; };
		9FDFA1952832CC1700F519C7 /* SendbirdServices.swift */ = {isa = PBXFileReference; lastKnownFileType = sourcecode.swift; path = SendbirdServices.swift; sourceTree = "<group>"; };
		9FE4D673280A588900C0E9D3 /* Models.swift */ = {isa = PBXFileReference; lastKnownFileType = sourcecode.swift; path = Models.swift; sourceTree = "<group>"; };
		9FE4D675280B300A00C0E9D3 /* UIColor+EXT.swift */ = {isa = PBXFileReference; lastKnownFileType = sourcecode.swift; path = "UIColor+EXT.swift"; sourceTree = "<group>"; };
		9FE4D678280B326300C0E9D3 /* CardView.swift */ = {isa = PBXFileReference; lastKnownFileType = sourcecode.swift; path = CardView.swift; sourceTree = "<group>"; };
		9FE4D67A280B32AD00C0E9D3 /* CardView.xib */ = {isa = PBXFileReference; lastKnownFileType = file.xib; path = CardView.xib; sourceTree = "<group>"; };
		9FF65DBF2819CA9E00BDC586 /* SnapchatServices.swift */ = {isa = PBXFileReference; lastKnownFileType = sourcecode.swift; path = SnapchatServices.swift; sourceTree = "<group>"; };
		9FF65DC12819FD9000BDC586 /* UIImage+EXT.swift */ = {isa = PBXFileReference; lastKnownFileType = sourcecode.swift; path = "UIImage+EXT.swift"; sourceTree = "<group>"; };
		CE50BFDCE453EB455DC9A139 /* Pods-NITE-NITEUITests.debug.xcconfig */ = {isa = PBXFileReference; includeInIndex = 1; lastKnownFileType = text.xcconfig; name = "Pods-NITE-NITEUITests.debug.xcconfig"; path = "Target Support Files/Pods-NITE-NITEUITests/Pods-NITE-NITEUITests.debug.xcconfig"; sourceTree = "<group>"; };
		F1C2F7C6FC0085A64E2EB4CA /* Pods_NITE.framework */ = {isa = PBXFileReference; explicitFileType = wrapper.framework; includeInIndex = 0; path = Pods_NITE.framework; sourceTree = BUILT_PRODUCTS_DIR; };
/* End PBXFileReference section */

/* Begin PBXFrameworksBuildPhase section */
		9F62816D2805289300E40316 /* Frameworks */ = {
			isa = PBXFrameworksBuildPhase;
			buildActionMask = 2147483647;
			files = (
				8B782F7C2950AD86EC95822D /* Pods_NITE.framework in Frameworks */,
				9F54C2F62842F1EC00176A2F /* StoreKit.framework in Frameworks */,
			);
			runOnlyForDeploymentPostprocessing = 0;
		};
		9F6281832805289700E40316 /* Frameworks */ = {
			isa = PBXFrameworksBuildPhase;
			buildActionMask = 2147483647;
			files = (
				F827844F0A91F1D8D1586A6E /* Pods_NITETests.framework in Frameworks */,
			);
			runOnlyForDeploymentPostprocessing = 0;
		};
		9F62818D2805289700E40316 /* Frameworks */ = {
			isa = PBXFrameworksBuildPhase;
			buildActionMask = 2147483647;
			files = (
				51F50EEC5A95F7A1463387AC /* Pods_NITE_NITEUITests.framework in Frameworks */,
			);
			runOnlyForDeploymentPostprocessing = 0;
		};
/* End PBXFrameworksBuildPhase section */

/* Begin PBXGroup section */
		9274865D38FC14BB40A598DE /* Frameworks */ = {
			isa = PBXGroup;
			children = (
				9F54C2F52842F1EC00176A2F /* StoreKit.framework */,
				F1C2F7C6FC0085A64E2EB4CA /* Pods_NITE.framework */,
				0242922DBE2EF57862C70043 /* Pods_NITE_NITEUITests.framework */,
				651C090BC88A15811A8F3DB9 /* Pods_NITETests.framework */,
			);
			name = Frameworks;
			sourceTree = "<group>";
		};
		9F6281672805289300E40316 = {
			isa = PBXGroup;
			children = (
				9F6281722805289300E40316 /* NITE */,
				9FA4F1C3285FFE6B0086D3D0 /* Info.plist */,
				9F6281892805289700E40316 /* NITETests */,
				9F6281932805289700E40316 /* NITEUITests */,
				9F6281712805289300E40316 /* Products */,
				ED55EA61FB43BA741094AA67 /* Pods */,
				9274865D38FC14BB40A598DE /* Frameworks */,
			);
			sourceTree = "<group>";
		};
		9F6281712805289300E40316 /* Products */ = {
			isa = PBXGroup;
			children = (
				9F6281702805289300E40316 /* NITE.app */,
				9F6281862805289700E40316 /* NITETests.xctest */,
				9F6281902805289700E40316 /* NITEUITests.xctest */,
			);
			name = Products;
			sourceTree = "<group>";
		};
		9F6281722805289300E40316 /* NITE */ = {
			isa = PBXGroup;
			children = (
				9F983439285178AC00A01D3F /* Lottie Animations */,
				9F6281B428053E5000E40316 /* Services */,
				9F6281A7280533A700E40316 /* Support */,
				9F6281A62805295F00E40316 /* Extensions */,
				9F6281A52805295600E40316 /* Application */,
				9F6281A42805294A00E40316 /* Storyboards */,
				9F6281A32805293200E40316 /* View Controllers */,
				9FE4D677280B323000C0E9D3 /* views */,
			);
			path = NITE;
			sourceTree = "<group>";
		};
		9F6281892805289700E40316 /* NITETests */ = {
			isa = PBXGroup;
			children = (
				9F62818A2805289700E40316 /* NITETests.swift */,
			);
			path = NITETests;
			sourceTree = "<group>";
		};
		9F6281932805289700E40316 /* NITEUITests */ = {
			isa = PBXGroup;
			children = (
				9F6281942805289700E40316 /* NITEUITests.swift */,
				9F6281962805289700E40316 /* NITEUITestsLaunchTests.swift */,
			);
			path = NITEUITests;
			sourceTree = "<group>";
		};
		9F6281A32805293200E40316 /* View Controllers */ = {
			isa = PBXGroup;
			children = (
				9F86D7AE280BE9C40092E98B /* Utility */,
				9F6281AF280534CA00E40316 /* Main */,
				9F6281AE280534C500E40316 /* Auth */,
			);
			path = "View Controllers";
			sourceTree = "<group>";
		};
		9F6281A42805294A00E40316 /* Storyboards */ = {
			isa = PBXGroup;
			children = (
				9F6281792805289300E40316 /* Main.storyboard */,
				9F62817E2805289700E40316 /* LaunchScreen.storyboard */,
				9F6281AC280534BB00E40316 /* Auth.storyboard */,
				9F86D7B1280BE9F00092E98B /* Utility.storyboard */,
			);
			path = Storyboards;
			sourceTree = "<group>";
		};
		9F6281A52805295600E40316 /* Application */ = {
			isa = PBXGroup;
			children = (
				9F6281B2280535E900E40316 /* GoogleService-Info.plist */,
				9F6281732805289300E40316 /* AppDelegate.swift */,
				9F62817C2805289700E40316 /* Assets.xcassets */,
			);
			path = Application;
			sourceTree = "<group>";
		};
		9F6281A62805295F00E40316 /* Extensions */ = {
			isa = PBXGroup;
			children = (
				9F6281AA2805340200E40316 /* UIViewController+EXT.swift */,
				9FE4D675280B300A00C0E9D3 /* UIColor+EXT.swift */,
				9FF65DC12819FD9000BDC586 /* UIImage+EXT.swift */,
				9F842294282DEEC700A8D454 /* SBUChannelListViewController+EXT.swift */,
				9F842298282E0CFF00A8D454 /* SBUChannelViewController+EXT.swift */,
			);
			path = Extensions;
			sourceTree = "<group>";
		};
		9F6281A7280533A700E40316 /* Support */ = {
			isa = PBXGroup;
			children = (
				9F6281A8280533B700E40316 /* Utils.swift */,
				9FE4D673280A588900C0E9D3 /* Models.swift */,
				9F3AC433280B987E001FEDFB /* ErrorStatus.swift */,
			);
			path = Support;
			sourceTree = "<group>";
		};
		9F6281AE280534C500E40316 /* Auth */ = {
			isa = PBXGroup;
			children = (
				9F6281B02805350900E40316 /* AuthSplashScreenViewController.swift */,
				9F86D797280BB0E60092E98B /* SignUpViewController.swift */,
				9F842289282C221600A8D454 /* SignInViewController.swift */,
			);
			path = Auth;
			sourceTree = "<group>";
		};
		9F6281AF280534CA00E40316 /* Main */ = {
			isa = PBXGroup;
			children = (
				9F6281772805289300E40316 /* MainViewController.swift */,
				9F86D7A1280BD5170092E98B /* ProfileUpdateViewController.swift */,
				9F84228B282D6FBD00A8D454 /* MatchNotifViewController.swift */,
				9F4B49C42839164D0059195A /* ChannelListVC.swift */,
				9F4B49C628393F3C0059195A /* UserProfileViewController.swift */,
			);
			path = Main;
			sourceTree = "<group>";
		};
		9F6281B428053E5000E40316 /* Services */ = {
			isa = PBXGroup;
			children = (
				9F6281B528053E6F00E40316 /* CardViewServices.swift */,
				9F3AC431280B944A001FEDFB /* FirebaseServices.swift */,
				9F86D7B3280D3FE80092E98B /* AvatarServices.swift */,
				9FF65DBF2819CA9E00BDC586 /* SnapchatServices.swift */,
				9FDFA1952832CC1700F519C7 /* SendbirdServices.swift */,
				9F98343728513C5F00A01D3F /* IAPservices.swift */,
			);
			path = Services;
			sourceTree = "<group>";
		};
		9F86D7AE280BE9C40092E98B /* Utility */ = {
			isa = PBXGroup;
			children = (
				9F86D7AC280BE9C10092E98B /* GenderPrefSelectionViewController.swift */,
				9F86D7AF280BE9DD0092E98B /* GenderIdentityViewController.swift */,
				9F54C2F72842F28E00176A2F /* InAppPurchasesViewController.swift */,
			);
			path = Utility;
			sourceTree = "<group>";
		};
		9F983439285178AC00A01D3F /* Lottie Animations */ = {
			isa = PBXGroup;
			children = (
				9F98343C28522B8000A01D3F /* pinky_love.json */,
				9F98343A28517AB400A01D3F /* couple_bench.json */,
			);
			path = "Lottie Animations";
			sourceTree = "<group>";
		};
		9FA4703A283BBA05005968E5 /* TableViewCells */ = {
			isa = PBXGroup;
			children = (
				9F86D7A4280BE41F0092E98B /* AddImagesTableViewCell.swift */,
				9F86D7A5280BE4210092E98B /* addImagesTableViewCell.xib */,
				9FA4703E283BBD13005968E5 /* UserDescriptionTableViewCell.swift */,
				9FA4703F283BBD13005968E5 /* UserDescriptionTableViewCell.xib */,
				9F840FB12854F58200005C00 /* AddSnapchatTableViewCell.swift */,
				9F840FB22854F58200005C00 /* AddSnapchatTableViewCell.xib */,
			);
			path = TableViewCells;
			sourceTree = "<group>";
		};
		9FA4703B283BBA0C005968E5 /* CollectionViewCells */ = {
			isa = PBXGroup;
			children = (
				9F86D7A9280BE5B20092E98B /* ImageCollectionViewCell.swift */,
				9F86D7A8280BE5B10092E98B /* imageCollectionViewCell.xib */,
			);
			path = CollectionViewCells;
			sourceTree = "<group>";
		};
		9FE4D677280B323000C0E9D3 /* views */ = {
			isa = PBXGroup;
			children = (
				9FA4703B283BBA0C005968E5 /* CollectionViewCells */,
				9FA4703A283BBA05005968E5 /* TableViewCells */,
				9F86D79D280BC22A0092E98B /* SingleButtonFooterView.swift */,
				9F86D79E280BC22B0092E98B /* singleButtonFooterView.xib */,
				9F86D799280BB9020092E98B /* FieldEntryTableViewCell.swift */,
				9F86D79A280BB9040092E98B /* FieldEntryTableViewCell.xib */,
				9FE4D678280B326300C0E9D3 /* CardView.swift */,
				9FE4D67A280B32AD00C0E9D3 /* CardView.xib */,
				9F84229A282EA45300A8D454 /* CustomeUserMessageCell.swift */,
			);
			path = views;
			sourceTree = "<group>";
		};
		ED55EA61FB43BA741094AA67 /* Pods */ = {
			isa = PBXGroup;
			children = (
				7609B1F87EA861FFBB6A63E1 /* Pods-NITE.debug.xcconfig */,
				4C95406FBFE9C173CEE6F521 /* Pods-NITE.release.xcconfig */,
				CE50BFDCE453EB455DC9A139 /* Pods-NITE-NITEUITests.debug.xcconfig */,
				40E743056EE2CAF772DAD243 /* Pods-NITE-NITEUITests.release.xcconfig */,
				290013A903146FB32D368AA5 /* Pods-NITETests.debug.xcconfig */,
				82D91CB8D84B03A520B22B12 /* Pods-NITETests.release.xcconfig */,
			);
			path = Pods;
			sourceTree = "<group>";
		};
/* End PBXGroup section */

/* Begin PBXNativeTarget section */
		9F62816F2805289300E40316 /* NITE */ = {
			isa = PBXNativeTarget;
			buildConfigurationList = 9F62819A2805289700E40316 /* Build configuration list for PBXNativeTarget "NITE" */;
			buildPhases = (
				2847337C630EC0EAFF8CCE93 /* [CP] Check Pods Manifest.lock */,
				9F62816C2805289300E40316 /* Sources */,
				9F62816D2805289300E40316 /* Frameworks */,
				9F62816E2805289300E40316 /* Resources */,
				0BE01BA632B6F2971485A318 /* [CP] Embed Pods Frameworks */,
				9F54C2F92843007700176A2F /* ShellScript */,
			);
			buildRules = (
			);
			dependencies = (
			);
			name = NITE;
			productName = NITE;
			productReference = 9F6281702805289300E40316 /* NITE.app */;
			productType = "com.apple.product-type.application";
		};
		9F6281852805289700E40316 /* NITETests */ = {
			isa = PBXNativeTarget;
			buildConfigurationList = 9F62819D2805289700E40316 /* Build configuration list for PBXNativeTarget "NITETests" */;
			buildPhases = (
				E54DF6DE8DCFE04160904BA6 /* [CP] Check Pods Manifest.lock */,
				9F6281822805289700E40316 /* Sources */,
				9F6281832805289700E40316 /* Frameworks */,
				9F6281842805289700E40316 /* Resources */,
			);
			buildRules = (
			);
			dependencies = (
				9F6281882805289700E40316 /* PBXTargetDependency */,
			);
			name = NITETests;
			productName = NITETests;
			productReference = 9F6281862805289700E40316 /* NITETests.xctest */;
			productType = "com.apple.product-type.bundle.unit-test";
		};
		9F62818F2805289700E40316 /* NITEUITests */ = {
			isa = PBXNativeTarget;
			buildConfigurationList = 9F6281A02805289700E40316 /* Build configuration list for PBXNativeTarget "NITEUITests" */;
			buildPhases = (
				0814FA69B3C87AC509E38A93 /* [CP] Check Pods Manifest.lock */,
				9F62818C2805289700E40316 /* Sources */,
				9F62818D2805289700E40316 /* Frameworks */,
				9F62818E2805289700E40316 /* Resources */,
				3FC1A1E55E8B124168A5FA58 /* [CP] Embed Pods Frameworks */,
			);
			buildRules = (
			);
			dependencies = (
				9F6281922805289700E40316 /* PBXTargetDependency */,
			);
			name = NITEUITests;
			productName = NITEUITests;
			productReference = 9F6281902805289700E40316 /* NITEUITests.xctest */;
			productType = "com.apple.product-type.bundle.ui-testing";
		};
/* End PBXNativeTarget section */

/* Begin PBXProject section */
		9F6281682805289300E40316 /* Project object */ = {
			isa = PBXProject;
			attributes = {
				BuildIndependentTargetsInParallel = 1;
				LastSwiftUpdateCheck = 1310;
				LastUpgradeCheck = 1310;
				TargetAttributes = {
					9F62816F2805289300E40316 = {
						CreatedOnToolsVersion = 13.1;
					};
					9F6281852805289700E40316 = {
						CreatedOnToolsVersion = 13.1;
						TestTargetID = 9F62816F2805289300E40316;
					};
					9F62818F2805289700E40316 = {
						CreatedOnToolsVersion = 13.1;
						TestTargetID = 9F62816F2805289300E40316;
					};
				};
			};
			buildConfigurationList = 9F62816B2805289300E40316 /* Build configuration list for PBXProject "NITE" */;
			compatibilityVersion = "Xcode 13.0";
			developmentRegion = en;
			hasScannedForEncodings = 0;
			knownRegions = (
				en,
				Base,
			);
			mainGroup = 9F6281672805289300E40316;
			productRefGroup = 9F6281712805289300E40316 /* Products */;
			projectDirPath = "";
			projectRoot = "";
			targets = (
				9F62816F2805289300E40316 /* NITE */,
				9F6281852805289700E40316 /* NITETests */,
				9F62818F2805289700E40316 /* NITEUITests */,
			);
		};
/* End PBXProject section */

/* Begin PBXResourcesBuildPhase section */
		9F62816E2805289300E40316 /* Resources */ = {
			isa = PBXResourcesBuildPhase;
			buildActionMask = 2147483647;
			files = (
				9F98343D28522B8000A01D3F /* pinky_love.json in Resources */,
				9F86D7AA280BE5B20092E98B /* imageCollectionViewCell.xib in Resources */,
				9F98343B28517AB400A01D3F /* couple_bench.json in Resources */,
				9F86D79C280BB9040092E98B /* FieldEntryTableViewCell.xib in Resources */,
				9FE4D67B280B32AD00C0E9D3 /* CardView.xib in Resources */,
				9F6281AD280534BB00E40316 /* Auth.storyboard in Resources */,
				9F86D7A0280BC22C0092E98B /* singleButtonFooterView.xib in Resources */,
				9F6281802805289700E40316 /* LaunchScreen.storyboard in Resources */,
				9F86D7A7280BE4210092E98B /* addImagesTableViewCell.xib in Resources */,
				9F62817D2805289700E40316 /* Assets.xcassets in Resources */,
				9F62817B2805289300E40316 /* Main.storyboard in Resources */,
				9F86D7B2280BE9F00092E98B /* Utility.storyboard in Resources */,
				9FA47041283BBD14005968E5 /* UserDescriptionTableViewCell.xib in Resources */,
				9F840FB42854F58200005C00 /* AddSnapchatTableViewCell.xib in Resources */,
				9F6281B3280535E900E40316 /* GoogleService-Info.plist in Resources */,
			);
			runOnlyForDeploymentPostprocessing = 0;
		};
		9F6281842805289700E40316 /* Resources */ = {
			isa = PBXResourcesBuildPhase;
			buildActionMask = 2147483647;
			files = (
			);
			runOnlyForDeploymentPostprocessing = 0;
		};
		9F62818E2805289700E40316 /* Resources */ = {
			isa = PBXResourcesBuildPhase;
			buildActionMask = 2147483647;
			files = (
			);
			runOnlyForDeploymentPostprocessing = 0;
		};
/* End PBXResourcesBuildPhase section */

/* Begin PBXShellScriptBuildPhase section */
		0814FA69B3C87AC509E38A93 /* [CP] Check Pods Manifest.lock */ = {
			isa = PBXShellScriptBuildPhase;
			buildActionMask = 2147483647;
			files = (
			);
			inputFileListPaths = (
			);
			inputPaths = (
				"${PODS_PODFILE_DIR_PATH}/Podfile.lock",
				"${PODS_ROOT}/Manifest.lock",
			);
			name = "[CP] Check Pods Manifest.lock";
			outputFileListPaths = (
			);
			outputPaths = (
				"$(DERIVED_FILE_DIR)/Pods-NITE-NITEUITests-checkManifestLockResult.txt",
			);
			runOnlyForDeploymentPostprocessing = 0;
			shellPath = /bin/sh;
			shellScript = "diff \"${PODS_PODFILE_DIR_PATH}/Podfile.lock\" \"${PODS_ROOT}/Manifest.lock\" > /dev/null\nif [ $? != 0 ] ; then\n    # print error to STDERR\n    echo \"error: The sandbox is not in sync with the Podfile.lock. Run 'pod install' or update your CocoaPods installation.\" >&2\n    exit 1\nfi\n# This output is used by Xcode 'outputs' to avoid re-running this script phase.\necho \"SUCCESS\" > \"${SCRIPT_OUTPUT_FILE_0}\"\n";
			showEnvVarsInLog = 0;
		};
		0BE01BA632B6F2971485A318 /* [CP] Embed Pods Frameworks */ = {
			isa = PBXShellScriptBuildPhase;
			buildActionMask = 2147483647;
			files = (
			);
			inputFileListPaths = (
				"${PODS_ROOT}/Target Support Files/Pods-NITE/Pods-NITE-frameworks-${CONFIGURATION}-input-files.xcfilelist",
			);
			name = "[CP] Embed Pods Frameworks";
			outputFileListPaths = (
				"${PODS_ROOT}/Target Support Files/Pods-NITE/Pods-NITE-frameworks-${CONFIGURATION}-output-files.xcfilelist",
			);
			runOnlyForDeploymentPostprocessing = 0;
			shellPath = /bin/sh;
			shellScript = "\"${PODS_ROOT}/Target Support Files/Pods-NITE/Pods-NITE-frameworks.sh\"\n";
			showEnvVarsInLog = 0;
		};
		2847337C630EC0EAFF8CCE93 /* [CP] Check Pods Manifest.lock */ = {
			isa = PBXShellScriptBuildPhase;
			buildActionMask = 2147483647;
			files = (
			);
			inputFileListPaths = (
			);
			inputPaths = (
				"${PODS_PODFILE_DIR_PATH}/Podfile.lock",
				"${PODS_ROOT}/Manifest.lock",
			);
			name = "[CP] Check Pods Manifest.lock";
			outputFileListPaths = (
			);
			outputPaths = (
				"$(DERIVED_FILE_DIR)/Pods-NITE-checkManifestLockResult.txt",
			);
			runOnlyForDeploymentPostprocessing = 0;
			shellPath = /bin/sh;
			shellScript = "diff \"${PODS_PODFILE_DIR_PATH}/Podfile.lock\" \"${PODS_ROOT}/Manifest.lock\" > /dev/null\nif [ $? != 0 ] ; then\n    # print error to STDERR\n    echo \"error: The sandbox is not in sync with the Podfile.lock. Run 'pod install' or update your CocoaPods installation.\" >&2\n    exit 1\nfi\n# This output is used by Xcode 'outputs' to avoid re-running this script phase.\necho \"SUCCESS\" > \"${SCRIPT_OUTPUT_FILE_0}\"\n";
			showEnvVarsInLog = 0;
		};
		3FC1A1E55E8B124168A5FA58 /* [CP] Embed Pods Frameworks */ = {
			isa = PBXShellScriptBuildPhase;
			buildActionMask = 2147483647;
			files = (
			);
			inputFileListPaths = (
				"${PODS_ROOT}/Target Support Files/Pods-NITE-NITEUITests/Pods-NITE-NITEUITests-frameworks-${CONFIGURATION}-input-files.xcfilelist",
			);
			name = "[CP] Embed Pods Frameworks";
			outputFileListPaths = (
				"${PODS_ROOT}/Target Support Files/Pods-NITE-NITEUITests/Pods-NITE-NITEUITests-frameworks-${CONFIGURATION}-output-files.xcfilelist",
			);
			runOnlyForDeploymentPostprocessing = 0;
			shellPath = /bin/sh;
			shellScript = "\"${PODS_ROOT}/Target Support Files/Pods-NITE-NITEUITests/Pods-NITE-NITEUITests-frameworks.sh\"\n";
			showEnvVarsInLog = 0;
		};
		9F54C2F92843007700176A2F /* ShellScript */ = {
			isa = PBXShellScriptBuildPhase;
			buildActionMask = 2147483647;
			files = (
			);
			inputFileListPaths = (
			);
			inputPaths = (
			);
			outputFileListPaths = (
			);
			outputPaths = (
			);
			runOnlyForDeploymentPostprocessing = 0;
			shellPath = /bin/sh;
			shellScript = "# Type a script or drag a script file from your workspace to insert its path.\nif which swiftlint >/dev/null; then\n  swiftlint\nelse\n  echo \"warning: SwiftLint not installed, download from https://github.com/realm/SwiftLint\"\nfi\n";
		};
		E54DF6DE8DCFE04160904BA6 /* [CP] Check Pods Manifest.lock */ = {
			isa = PBXShellScriptBuildPhase;
			buildActionMask = 2147483647;
			files = (
			);
			inputFileListPaths = (
			);
			inputPaths = (
				"${PODS_PODFILE_DIR_PATH}/Podfile.lock",
				"${PODS_ROOT}/Manifest.lock",
			);
			name = "[CP] Check Pods Manifest.lock";
			outputFileListPaths = (
			);
			outputPaths = (
				"$(DERIVED_FILE_DIR)/Pods-NITETests-checkManifestLockResult.txt",
			);
			runOnlyForDeploymentPostprocessing = 0;
			shellPath = /bin/sh;
			shellScript = "diff \"${PODS_PODFILE_DIR_PATH}/Podfile.lock\" \"${PODS_ROOT}/Manifest.lock\" > /dev/null\nif [ $? != 0 ] ; then\n    # print error to STDERR\n    echo \"error: The sandbox is not in sync with the Podfile.lock. Run 'pod install' or update your CocoaPods installation.\" >&2\n    exit 1\nfi\n# This output is used by Xcode 'outputs' to avoid re-running this script phase.\necho \"SUCCESS\" > \"${SCRIPT_OUTPUT_FILE_0}\"\n";
			showEnvVarsInLog = 0;
		};
/* End PBXShellScriptBuildPhase section */

/* Begin PBXSourcesBuildPhase section */
		9F62816C2805289300E40316 /* Sources */ = {
			isa = PBXSourcesBuildPhase;
			buildActionMask = 2147483647;
			files = (
				9FDFA1962832CC1700F519C7 /* SendbirdServices.swift in Sources */,
				9F54C2F82842F28E00176A2F /* InAppPurchasesViewController.swift in Sources */,
				9F6281782805289300E40316 /* MainViewController.swift in Sources */,
				9F84229B282EA45300A8D454 /* CustomeUserMessageCell.swift in Sources */,
				9FF65DC22819FD9000BDC586 /* UIImage+EXT.swift in Sources */,
				9F3AC432280B944A001FEDFB /* FirebaseServices.swift in Sources */,
				9F4B49C52839164D0059195A /* ChannelListVC.swift in Sources */,
				9F86D7AB280BE5B20092E98B /* ImageCollectionViewCell.swift in Sources */,
				9F842299282E0CFF00A8D454 /* SBUChannelViewController+EXT.swift in Sources */,
				9F7A49772860CFA0008AE250 /* AuthSplashScreenViewController.swift in Sources */,
				9F842295282DEEC700A8D454 /* SBUChannelListViewController+EXT.swift in Sources */,
				9F4B49C728393F3C0059195A /* UserProfileViewController.swift in Sources */,
				9F840FB32854F58200005C00 /* AddSnapchatTableViewCell.swift in Sources */,
				9F86D79F280BC22C0092E98B /* SingleButtonFooterView.swift in Sources */,
				9F6281742805289300E40316 /* AppDelegate.swift in Sources */,
				9FE4D674280A588900C0E9D3 /* Models.swift in Sources */,
				9F86D7B0280BE9DD0092E98B /* GenderIdentityViewController.swift in Sources */,
				9FA47040283BBD14005968E5 /* UserDescriptionTableViewCell.swift in Sources */,
				9F86D7AD280BE9C10092E98B /* GenderPrefSelectionViewController.swift in Sources */,
				9F84228C282D6FBD00A8D454 /* MatchNotifViewController.swift in Sources */,
				9FF65DC02819CA9E00BDC586 /* SnapchatServices.swift in Sources */,
				9F86D7B4280D3FE80092E98B /* AvatarServices.swift in Sources */,
				9F86D7A6280BE4210092E98B /* AddImagesTableViewCell.swift in Sources */,
				9F98343828513C5F00A01D3F /* IAPservices.swift in Sources */,
				9FE4D679280B326300C0E9D3 /* CardView.swift in Sources */,
				9F3AC434280B987E001FEDFB /* ErrorStatus.swift in Sources */,
				9F6281B628053E6F00E40316 /* CardViewServices.swift in Sources */,
				9F86D798280BB0E60092E98B /* SignUpViewController.swift in Sources */,
				9F6281A9280533B700E40316 /* Utils.swift in Sources */,
				9FE4D676280B300A00C0E9D3 /* UIColor+EXT.swift in Sources */,
				9F6281AB2805340300E40316 /* UIViewController+EXT.swift in Sources */,
				9F84228A282C221600A8D454 /* SignInViewController.swift in Sources */,
				9F86D7A2280BD5170092E98B /* ProfileUpdateViewController.swift in Sources */,
				9F86D79B280BB9040092E98B /* FieldEntryTableViewCell.swift in Sources */,
			);
			runOnlyForDeploymentPostprocessing = 0;
		};
		9F6281822805289700E40316 /* Sources */ = {
			isa = PBXSourcesBuildPhase;
			buildActionMask = 2147483647;
			files = (
				9F62818B2805289700E40316 /* NITETests.swift in Sources */,
			);
			runOnlyForDeploymentPostprocessing = 0;
		};
		9F62818C2805289700E40316 /* Sources */ = {
			isa = PBXSourcesBuildPhase;
			buildActionMask = 2147483647;
			files = (
				9F6281972805289700E40316 /* NITEUITestsLaunchTests.swift in Sources */,
				9F6281952805289700E40316 /* NITEUITests.swift in Sources */,
			);
			runOnlyForDeploymentPostprocessing = 0;
		};
/* End PBXSourcesBuildPhase section */

/* Begin PBXTargetDependency section */
		9F6281882805289700E40316 /* PBXTargetDependency */ = {
			isa = PBXTargetDependency;
			target = 9F62816F2805289300E40316 /* NITE */;
			targetProxy = 9F6281872805289700E40316 /* PBXContainerItemProxy */;
		};
		9F6281922805289700E40316 /* PBXTargetDependency */ = {
			isa = PBXTargetDependency;
			target = 9F62816F2805289300E40316 /* NITE */;
			targetProxy = 9F6281912805289700E40316 /* PBXContainerItemProxy */;
		};
/* End PBXTargetDependency section */

/* Begin PBXVariantGroup section */
		9F6281792805289300E40316 /* Main.storyboard */ = {
			isa = PBXVariantGroup;
			children = (
				9F62817A2805289300E40316 /* Base */,
			);
			name = Main.storyboard;
			sourceTree = "<group>";
		};
		9F62817E2805289700E40316 /* LaunchScreen.storyboard */ = {
			isa = PBXVariantGroup;
			children = (
				9F62817F2805289700E40316 /* Base */,
			);
			name = LaunchScreen.storyboard;
			sourceTree = "<group>";
		};
/* End PBXVariantGroup section */

/* Begin XCBuildConfiguration section */
		9F6281982805289700E40316 /* Debug */ = {
			isa = XCBuildConfiguration;
			buildSettings = {
				ALWAYS_SEARCH_USER_PATHS = NO;
				CLANG_ANALYZER_NONNULL = YES;
				CLANG_ANALYZER_NUMBER_OBJECT_CONVERSION = YES_AGGRESSIVE;
				CLANG_CXX_LANGUAGE_STANDARD = "gnu++17";
				CLANG_CXX_LIBRARY = "libc++";
				CLANG_ENABLE_MODULES = YES;
				CLANG_ENABLE_OBJC_ARC = YES;
				CLANG_ENABLE_OBJC_WEAK = YES;
				CLANG_WARN_BLOCK_CAPTURE_AUTORELEASING = YES;
				CLANG_WARN_BOOL_CONVERSION = YES;
				CLANG_WARN_COMMA = YES;
				CLANG_WARN_CONSTANT_CONVERSION = YES;
				CLANG_WARN_DEPRECATED_OBJC_IMPLEMENTATIONS = YES;
				CLANG_WARN_DIRECT_OBJC_ISA_USAGE = YES_ERROR;
				CLANG_WARN_DOCUMENTATION_COMMENTS = YES;
				CLANG_WARN_EMPTY_BODY = YES;
				CLANG_WARN_ENUM_CONVERSION = YES;
				CLANG_WARN_INFINITE_RECURSION = YES;
				CLANG_WARN_INT_CONVERSION = YES;
				CLANG_WARN_NON_LITERAL_NULL_CONVERSION = YES;
				CLANG_WARN_OBJC_IMPLICIT_RETAIN_SELF = YES;
				CLANG_WARN_OBJC_LITERAL_CONVERSION = YES;
				CLANG_WARN_OBJC_ROOT_CLASS = YES_ERROR;
				CLANG_WARN_QUOTED_INCLUDE_IN_FRAMEWORK_HEADER = YES;
				CLANG_WARN_RANGE_LOOP_ANALYSIS = YES;
				CLANG_WARN_STRICT_PROTOTYPES = YES;
				CLANG_WARN_SUSPICIOUS_MOVE = YES;
				CLANG_WARN_UNGUARDED_AVAILABILITY = YES_AGGRESSIVE;
				CLANG_WARN_UNREACHABLE_CODE = YES;
				CLANG_WARN__DUPLICATE_METHOD_MATCH = YES;
				COPY_PHASE_STRIP = NO;
				DEBUG_INFORMATION_FORMAT = dwarf;
				ENABLE_STRICT_OBJC_MSGSEND = YES;
				ENABLE_TESTABILITY = YES;
				GCC_C_LANGUAGE_STANDARD = gnu11;
				GCC_DYNAMIC_NO_PIC = NO;
				GCC_NO_COMMON_BLOCKS = YES;
				GCC_OPTIMIZATION_LEVEL = 0;
				GCC_PREPROCESSOR_DEFINITIONS = (
					"DEBUG=1",
					"$(inherited)",
				);
				GCC_WARN_64_TO_32_BIT_CONVERSION = YES;
				GCC_WARN_ABOUT_RETURN_TYPE = YES_ERROR;
				GCC_WARN_UNDECLARED_SELECTOR = YES;
				GCC_WARN_UNINITIALIZED_AUTOS = YES_AGGRESSIVE;
				GCC_WARN_UNUSED_FUNCTION = YES;
				GCC_WARN_UNUSED_VARIABLE = YES;
				INFOPLIST_FILE = NITE/Info.plist;
				IPHONEOS_DEPLOYMENT_TARGET = 14.0;
				MTL_ENABLE_DEBUG_INFO = INCLUDE_SOURCE;
				MTL_FAST_MATH = YES;
				ONLY_ACTIVE_ARCH = YES;
				PRODUCT_NAME = NITE;
				SDKROOT = iphoneos;
				SWIFT_ACTIVE_COMPILATION_CONDITIONS = DEBUG;
				SWIFT_OPTIMIZATION_LEVEL = "-Onone";
			};
			name = Debug;
		};
		9F6281992805289700E40316 /* Release */ = {
			isa = XCBuildConfiguration;
			buildSettings = {
				ALWAYS_SEARCH_USER_PATHS = NO;
				CLANG_ANALYZER_NONNULL = YES;
				CLANG_ANALYZER_NUMBER_OBJECT_CONVERSION = YES_AGGRESSIVE;
				CLANG_CXX_LANGUAGE_STANDARD = "gnu++17";
				CLANG_CXX_LIBRARY = "libc++";
				CLANG_ENABLE_MODULES = YES;
				CLANG_ENABLE_OBJC_ARC = YES;
				CLANG_ENABLE_OBJC_WEAK = YES;
				CLANG_WARN_BLOCK_CAPTURE_AUTORELEASING = YES;
				CLANG_WARN_BOOL_CONVERSION = YES;
				CLANG_WARN_COMMA = YES;
				CLANG_WARN_CONSTANT_CONVERSION = YES;
				CLANG_WARN_DEPRECATED_OBJC_IMPLEMENTATIONS = YES;
				CLANG_WARN_DIRECT_OBJC_ISA_USAGE = YES_ERROR;
				CLANG_WARN_DOCUMENTATION_COMMENTS = YES;
				CLANG_WARN_EMPTY_BODY = YES;
				CLANG_WARN_ENUM_CONVERSION = YES;
				CLANG_WARN_INFINITE_RECURSION = YES;
				CLANG_WARN_INT_CONVERSION = YES;
				CLANG_WARN_NON_LITERAL_NULL_CONVERSION = YES;
				CLANG_WARN_OBJC_IMPLICIT_RETAIN_SELF = YES;
				CLANG_WARN_OBJC_LITERAL_CONVERSION = YES;
				CLANG_WARN_OBJC_ROOT_CLASS = YES_ERROR;
				CLANG_WARN_QUOTED_INCLUDE_IN_FRAMEWORK_HEADER = YES;
				CLANG_WARN_RANGE_LOOP_ANALYSIS = YES;
				CLANG_WARN_STRICT_PROTOTYPES = YES;
				CLANG_WARN_SUSPICIOUS_MOVE = YES;
				CLANG_WARN_UNGUARDED_AVAILABILITY = YES_AGGRESSIVE;
				CLANG_WARN_UNREACHABLE_CODE = YES;
				CLANG_WARN__DUPLICATE_METHOD_MATCH = YES;
				COPY_PHASE_STRIP = NO;
				DEBUG_INFORMATION_FORMAT = "dwarf-with-dsym";
				ENABLE_NS_ASSERTIONS = NO;
				ENABLE_STRICT_OBJC_MSGSEND = YES;
				GCC_C_LANGUAGE_STANDARD = gnu11;
				GCC_NO_COMMON_BLOCKS = YES;
				GCC_WARN_64_TO_32_BIT_CONVERSION = YES;
				GCC_WARN_ABOUT_RETURN_TYPE = YES_ERROR;
				GCC_WARN_UNDECLARED_SELECTOR = YES;
				GCC_WARN_UNINITIALIZED_AUTOS = YES_AGGRESSIVE;
				GCC_WARN_UNUSED_FUNCTION = YES;
				GCC_WARN_UNUSED_VARIABLE = YES;
				INFOPLIST_FILE = NITE/Info.plist;
				IPHONEOS_DEPLOYMENT_TARGET = 14.0;
				MTL_ENABLE_DEBUG_INFO = NO;
				MTL_FAST_MATH = YES;
				PRODUCT_NAME = NITE;
				SDKROOT = iphoneos;
				SWIFT_COMPILATION_MODE = wholemodule;
				SWIFT_OPTIMIZATION_LEVEL = "-O";
				VALIDATE_PRODUCT = YES;
			};
			name = Release;
		};
		9F62819B2805289700E40316 /* Debug */ = {
			isa = XCBuildConfiguration;
			baseConfigurationReference = 7609B1F87EA861FFBB6A63E1 /* Pods-NITE.debug.xcconfig */;
			buildSettings = {
				ASSETCATALOG_COMPILER_APPICON_NAME = AppIcon;
				ASSETCATALOG_COMPILER_GLOBAL_ACCENT_COLOR_NAME = AccentColor;
				ASSETCATALOG_COMPILER_INCLUDE_ALL_APPICON_ASSETS = YES;
				CODE_SIGN_IDENTITY = "Apple Development";
				CODE_SIGN_STYLE = Automatic;
				CURRENT_PROJECT_VERSION = 5;
				DEVELOPMENT_TEAM = YB4NRP4L3U;
				GENERATE_INFOPLIST_FILE = YES;
				INFOPLIST_FILE = NITE/Info.plist;
				INFOPLIST_KEY_NSPhotoLibraryUsageDescription = "In order to add photos to your profile ";
				INFOPLIST_KEY_UIApplicationSupportsIndirectInputEvents = YES;
				INFOPLIST_KEY_UILaunchStoryboardName = LaunchScreen;
				INFOPLIST_KEY_UIMainStoryboardFile = Auth;
				INFOPLIST_KEY_UISupportedInterfaceOrientations = UIInterfaceOrientationPortrait;
				INFOPLIST_KEY_UISupportedInterfaceOrientations_iPad = UIInterfaceOrientationPortrait;
				INFOPLIST_KEY_UISupportedInterfaceOrientations_iPhone = UIInterfaceOrientationPortrait;
				INFOPLIST_KEY_UIUserInterfaceStyle = Light;
				IPHONEOS_DEPLOYMENT_TARGET = 15.0;
				LD_RUNPATH_SEARCH_PATHS = (
					"$(inherited)",
					"@executable_path/Frameworks",
				);
				MARKETING_VERSION = 1.0;
				PRODUCT_BUNDLE_IDENTIFIER = com.charlie.NITE;
				PRODUCT_NAME = "$(TARGET_NAME)";
				PROVISIONING_PROFILE_SPECIFIER = "";
				SWIFT_EMIT_LOC_STRINGS = YES;
				SWIFT_VERSION = 5.0;
				TARGETED_DEVICE_FAMILY = 1;
			};
			name = Debug;
		};
		9F62819C2805289700E40316 /* Release */ = {
			isa = XCBuildConfiguration;
			baseConfigurationReference = 4C95406FBFE9C173CEE6F521 /* Pods-NITE.release.xcconfig */;
			buildSettings = {
				ASSETCATALOG_COMPILER_APPICON_NAME = AppIcon;
				ASSETCATALOG_COMPILER_GLOBAL_ACCENT_COLOR_NAME = AccentColor;
				ASSETCATALOG_COMPILER_INCLUDE_ALL_APPICON_ASSETS = YES;
				CODE_SIGN_IDENTITY = "Apple Development";
				CODE_SIGN_STYLE = Automatic;
				CURRENT_PROJECT_VERSION = 5;
				DEVELOPMENT_TEAM = YB4NRP4L3U;
				GENERATE_INFOPLIST_FILE = YES;
				INFOPLIST_FILE = NITE/Info.plist;
				INFOPLIST_KEY_NSPhotoLibraryUsageDescription = "In order to add photos to your profile ";
				INFOPLIST_KEY_UIApplicationSupportsIndirectInputEvents = YES;
				INFOPLIST_KEY_UILaunchStoryboardName = LaunchScreen;
				INFOPLIST_KEY_UIMainStoryboardFile = Auth;
				INFOPLIST_KEY_UISupportedInterfaceOrientations = UIInterfaceOrientationPortrait;
				INFOPLIST_KEY_UISupportedInterfaceOrientations_iPad = UIInterfaceOrientationPortrait;
				INFOPLIST_KEY_UISupportedInterfaceOrientations_iPhone = UIInterfaceOrientationPortrait;
				INFOPLIST_KEY_UIUserInterfaceStyle = Light;
				IPHONEOS_DEPLOYMENT_TARGET = 15.0;
				LD_RUNPATH_SEARCH_PATHS = (
					"$(inherited)",
					"@executable_path/Frameworks",
				);
				MARKETING_VERSION = 1.0;
				PRODUCT_BUNDLE_IDENTIFIER = com.charlie.NITE;
				PRODUCT_NAME = "$(TARGET_NAME)";
				PROVISIONING_PROFILE_SPECIFIER = "";
				SWIFT_EMIT_LOC_STRINGS = YES;
				SWIFT_VERSION = 5.0;
				TARGETED_DEVICE_FAMILY = 1;
			};
			name = Release;
		};
		9F62819E2805289700E40316 /* Debug */ = {
			isa = XCBuildConfiguration;
			baseConfigurationReference = 290013A903146FB32D368AA5 /* Pods-NITETests.debug.xcconfig */;
			buildSettings = {
				ALWAYS_EMBED_SWIFT_STANDARD_LIBRARIES = YES;
				BUNDLE_LOADER = "$(TEST_HOST)";
				CODE_SIGN_STYLE = Automatic;
				CURRENT_PROJECT_VERSION = 1;
				DEVELOPMENT_TEAM = 96986V4ZUB;
				GENERATE_INFOPLIST_FILE = YES;
				IPHONEOS_DEPLOYMENT_TARGET = 15.0;
				LD_RUNPATH_SEARCH_PATHS = (
					"$(inherited)",
					"@executable_path/Frameworks",
					"@loader_path/Frameworks",
				);
				MARKETING_VERSION = 1.0;
				PRODUCT_BUNDLE_IDENTIFIER = com.charlie.NITETests;
				PRODUCT_NAME = "$(TARGET_NAME)";
				SWIFT_EMIT_LOC_STRINGS = NO;
				SWIFT_VERSION = 5.0;
				TARGETED_DEVICE_FAMILY = "1,2";
				TEST_HOST = "$(BUILT_PRODUCTS_DIR)/NITE.app/NITE";
			};
			name = Debug;
		};
		9F62819F2805289700E40316 /* Release */ = {
			isa = XCBuildConfiguration;
			baseConfigurationReference = 82D91CB8D84B03A520B22B12 /* Pods-NITETests.release.xcconfig */;
			buildSettings = {
				ALWAYS_EMBED_SWIFT_STANDARD_LIBRARIES = YES;
				BUNDLE_LOADER = "$(TEST_HOST)";
				CODE_SIGN_STYLE = Automatic;
				CURRENT_PROJECT_VERSION = 1;
				DEVELOPMENT_TEAM = 96986V4ZUB;
				GENERATE_INFOPLIST_FILE = YES;
				IPHONEOS_DEPLOYMENT_TARGET = 15.0;
				LD_RUNPATH_SEARCH_PATHS = (
					"$(inherited)",
					"@executable_path/Frameworks",
					"@loader_path/Frameworks",
				);
				MARKETING_VERSION = 1.0;
				PRODUCT_BUNDLE_IDENTIFIER = com.charlie.NITETests;
				PRODUCT_NAME = "$(TARGET_NAME)";
				SWIFT_EMIT_LOC_STRINGS = NO;
				SWIFT_VERSION = 5.0;
				TARGETED_DEVICE_FAMILY = "1,2";
				TEST_HOST = "$(BUILT_PRODUCTS_DIR)/NITE.app/NITE";
			};
			name = Release;
		};
		9F6281A12805289700E40316 /* Debug */ = {
			isa = XCBuildConfiguration;
			baseConfigurationReference = CE50BFDCE453EB455DC9A139 /* Pods-NITE-NITEUITests.debug.xcconfig */;
			buildSettings = {
				ALWAYS_EMBED_SWIFT_STANDARD_LIBRARIES = YES;
				CODE_SIGN_STYLE = Automatic;
				CURRENT_PROJECT_VERSION = 1;
				DEVELOPMENT_TEAM = 96986V4ZUB;
				GENERATE_INFOPLIST_FILE = YES;
				LD_RUNPATH_SEARCH_PATHS = (
					"$(inherited)",
					"@executable_path/Frameworks",
					"@loader_path/Frameworks",
				);
				MARKETING_VERSION = 1.0;
				PRODUCT_BUNDLE_IDENTIFIER = com.charlie.NITEUITests;
				PRODUCT_NAME = "$(TARGET_NAME)";
				SWIFT_EMIT_LOC_STRINGS = NO;
				SWIFT_VERSION = 5.0;
				TARGETED_DEVICE_FAMILY = "1,2";
				TEST_TARGET_NAME = NITE;
			};
			name = Debug;
		};
		9F6281A22805289700E40316 /* Release */ = {
			isa = XCBuildConfiguration;
			baseConfigurationReference = 40E743056EE2CAF772DAD243 /* Pods-NITE-NITEUITests.release.xcconfig */;
			buildSettings = {
				ALWAYS_EMBED_SWIFT_STANDARD_LIBRARIES = YES;
				CODE_SIGN_STYLE = Automatic;
				CURRENT_PROJECT_VERSION = 1;
				DEVELOPMENT_TEAM = 96986V4ZUB;
				GENERATE_INFOPLIST_FILE = YES;
				LD_RUNPATH_SEARCH_PATHS = (
					"$(inherited)",
					"@executable_path/Frameworks",
					"@loader_path/Frameworks",
				);
				MARKETING_VERSION = 1.0;
				PRODUCT_BUNDLE_IDENTIFIER = com.charlie.NITEUITests;
				PRODUCT_NAME = "$(TARGET_NAME)";
				SWIFT_EMIT_LOC_STRINGS = NO;
				SWIFT_VERSION = 5.0;
				TARGETED_DEVICE_FAMILY = "1,2";
				TEST_TARGET_NAME = NITE;
			};
			name = Release;
		};
/* End XCBuildConfiguration section */

/* Begin XCConfigurationList section */
		9F62816B2805289300E40316 /* Build configuration list for PBXProject "NITE" */ = {
			isa = XCConfigurationList;
			buildConfigurations = (
				9F6281982805289700E40316 /* Debug */,
				9F6281992805289700E40316 /* Release */,
			);
			defaultConfigurationIsVisible = 0;
			defaultConfigurationName = Release;
		};
		9F62819A2805289700E40316 /* Build configuration list for PBXNativeTarget "NITE" */ = {
			isa = XCConfigurationList;
			buildConfigurations = (
				9F62819B2805289700E40316 /* Debug */,
				9F62819C2805289700E40316 /* Release */,
			);
			defaultConfigurationIsVisible = 0;
			defaultConfigurationName = Release;
		};
		9F62819D2805289700E40316 /* Build configuration list for PBXNativeTarget "NITETests" */ = {
			isa = XCConfigurationList;
			buildConfigurations = (
				9F62819E2805289700E40316 /* Debug */,
				9F62819F2805289700E40316 /* Release */,
			);
			defaultConfigurationIsVisible = 0;
			defaultConfigurationName = Release;
		};
		9F6281A02805289700E40316 /* Build configuration list for PBXNativeTarget "NITEUITests" */ = {
			isa = XCConfigurationList;
			buildConfigurations = (
				9F6281A12805289700E40316 /* Debug */,
				9F6281A22805289700E40316 /* Release */,
			);
			defaultConfigurationIsVisible = 0;
			defaultConfigurationName = Release;
		};
/* End XCConfigurationList section */
	};
	rootObject = 9F6281682805289300E40316 /* Project object */;
}
